// !$*UTF8*$!
{
	archiveVersion = 1;
	classes = {
	};
	objectVersion = 51;
	objects = {

/* Begin PBXBuildFile section */
		2A1D035E41E13DA671496D4F /* Pods_Tweet.framework in Frameworks */ = {isa = PBXBuildFile; fileRef = B13EAFEBC9A2C2AC541D2FA5 /* Pods_Tweet.framework */; };
		32BEADC7DC913C71B5CA4584 /* Pods_Tweet_TweetTests.framework in Frameworks */ = {isa = PBXBuildFile; fileRef = 9AD76A571C0F5AEC2C1B7BC1 /* Pods_Tweet_TweetTests.framework */; };
		E103B27425288D5100282E9E /* Tweet.framework in Frameworks */ = {isa = PBXBuildFile; fileRef = E103B26A25288D5000282E9E /* Tweet.framework */; };
		E103B27925288D5100282E9E /* TweetTests.swift in Sources */ = {isa = PBXBuildFile; fileRef = E103B27825288D5100282E9E /* TweetTests.swift */; };
		E103B27B25288D5100282E9E /* Tweet.h in Headers */ = {isa = PBXBuildFile; fileRef = E103B26D25288D5000282E9E /* Tweet.h */; settings = {ATTRIBUTES = (Public, ); }; };
		E103B2D425288D8E00282E9E /* Domain.framework in Frameworks */ = {isa = PBXBuildFile; fileRef = E103B2D325288D8E00282E9E /* Domain.framework */; };
		E103B2D925288D9300282E9E /* Common.framework in Frameworks */ = {isa = PBXBuildFile; fileRef = E103B2D825288D9300282E9E /* Common.framework */; };
		E103B35625288ECA00282E9E /* Localizable.strings in Resources */ = {isa = PBXBuildFile; fileRef = E103B34025288EC900282E9E /* Localizable.strings */; };
		E103B35725288ECA00282E9E /* UserTweetsSceneCoordinating.swift in Sources */ = {isa = PBXBuildFile; fileRef = E103B34225288EC900282E9E /* UserTweetsSceneCoordinating.swift */; };
		E103B35825288ECA00282E9E /* TweetsCoordinator.swift in Sources */ = {isa = PBXBuildFile; fileRef = E103B34325288EC900282E9E /* TweetsCoordinator.swift */; };
		E103B35925288ECA00282E9E /* SwiftGenStrings.swift in Sources */ = {isa = PBXBuildFile; fileRef = E103B34825288EC900282E9E /* SwiftGenStrings.swift */; };
		E103B35A25288ECA00282E9E /* UserTweetsViewModel.swift in Sources */ = {isa = PBXBuildFile; fileRef = E103B34B25288ECA00282E9E /* UserTweetsViewModel.swift */; };
		E103B35B25288ECA00282E9E /* UserTweetsViewModeling.swift in Sources */ = {isa = PBXBuildFile; fileRef = E103B34C25288ECA00282E9E /* UserTweetsViewModeling.swift */; };
		E103B35E25288ECA00282E9E /* UserTweetsViewController.swift in Sources */ = {isa = PBXBuildFile; fileRef = E103B35125288ECA00282E9E /* UserTweetsViewController.swift */; };
		E103B35F25288ECA00282E9E /* TweetCell.swift in Sources */ = {isa = PBXBuildFile; fileRef = E103B35225288ECA00282E9E /* TweetCell.swift */; };
		E103B36025288ECA00282E9E /* UserTweetsView.swift in Sources */ = {isa = PBXBuildFile; fileRef = E103B35325288ECA00282E9E /* UserTweetsView.swift */; };
		E103B36125288ECA00282E9E /* UsersManufactoring.swift in Sources */ = {isa = PBXBuildFile; fileRef = E103B35525288ECA00282E9E /* UsersManufactoring.swift */; };
		E103B3772528936E00282E9E /* TweetViewModel.swift in Sources */ = {isa = PBXBuildFile; fileRef = E103B3762528936E00282E9E /* TweetViewModel.swift */; };
		E185EFB5252B58D5007A6985 /* tweets.json in Resources */ = {isa = PBXBuildFile; fileRef = E185EFB3252B58D5007A6985 /* tweets.json */; };
		E1861B8D252B9A360053C8E2 /* sentiments.json in Resources */ = {isa = PBXBuildFile; fileRef = E1861B8C252B9A360053C8E2 /* sentiments.json */; };
		E1861B91252BA00C0053C8E2 /* EvaluatingView.swift in Sources */ = {isa = PBXBuildFile; fileRef = E1861B90252BA00C0053C8E2 /* EvaluatingView.swift */; };
		E18B7B01252A083100C758CB /* TweetsManufacturingSpy.swift in Sources */ = {isa = PBXBuildFile; fileRef = E18B7B00252A083100C758CB /* TweetsManufacturingSpy.swift */; };
		E18B7B08252A089C00C758CB /* SearchTweetsByUsernameUseCaseSpy.swift in Sources */ = {isa = PBXBuildFile; fileRef = E18B7B07252A089C00C758CB /* SearchTweetsByUsernameUseCaseSpy.swift */; };
		E18B7B13252A090D00C758CB /* TweetsDepartingCoordinatingStub.swift in Sources */ = {isa = PBXBuildFile; fileRef = E18B7B12252A090D00C758CB /* TweetsDepartingCoordinatingStub.swift */; };
		E18B7B70252A0B2500C758CB /* UserTweetsSceneCoordinatingSpy.swift in Sources */ = {isa = PBXBuildFile; fileRef = E18B7B6F252A0B2500C758CB /* UserTweetsSceneCoordinatingSpy.swift */; };
		E18B7B78252A0BB300C758CB /* UserTweetsViewModel.swift in Sources */ = {isa = PBXBuildFile; fileRef = E18B7B77252A0BB300C758CB /* UserTweetsViewModel.swift */; };
		E18B7B86252A0D6800C758CB /* TweetCoordinatorTests.swift in Sources */ = {isa = PBXBuildFile; fileRef = E18B7B85252A0D6800C758CB /* TweetCoordinatorTests.swift */; };
		E18B7B8C252A0E4A00C758CB /* TweetViewModelTests.swift in Sources */ = {isa = PBXBuildFile; fileRef = E18B7B8B252A0E4A00C758CB /* TweetViewModelTests.swift */; };
		E1C65800252A7A710010054A /* AnalyzeSentimentForTextUseCaseableSpy.swift in Sources */ = {isa = PBXBuildFile; fileRef = E1C657FF252A7A710010054A /* AnalyzeSentimentForTextUseCaseableSpy.swift */; };
/* End PBXBuildFile section */

/* Begin PBXContainerItemProxy section */
		E103B27525288D5100282E9E /* PBXContainerItemProxy */ = {
			isa = PBXContainerItemProxy;
			containerPortal = E103B26125288D5000282E9E /* Project object */;
			proxyType = 1;
			remoteGlobalIDString = E103B26925288D5000282E9E;
			remoteInfo = Tweet;
		};
/* End PBXContainerItemProxy section */

/* Begin PBXFileReference section */
		36CE2D1C5ACCB695B079BCC8 /* Pods-Tweet-TweetTests.debug.xcconfig */ = {isa = PBXFileReference; includeInIndex = 1; lastKnownFileType = text.xcconfig; name = "Pods-Tweet-TweetTests.debug.xcconfig"; path = "Target Support Files/Pods-Tweet-TweetTests/Pods-Tweet-TweetTests.debug.xcconfig"; sourceTree = "<group>"; };
		5383BA4D90B1059939865CFF /* Pods-Tweet-TweetTests.release.xcconfig */ = {isa = PBXFileReference; includeInIndex = 1; lastKnownFileType = text.xcconfig; name = "Pods-Tweet-TweetTests.release.xcconfig"; path = "Target Support Files/Pods-Tweet-TweetTests/Pods-Tweet-TweetTests.release.xcconfig"; sourceTree = "<group>"; };
		5BA6D0491BCC25F9B0015B51 /* Pods-Tweet.release.xcconfig */ = {isa = PBXFileReference; includeInIndex = 1; lastKnownFileType = text.xcconfig; name = "Pods-Tweet.release.xcconfig"; path = "Target Support Files/Pods-Tweet/Pods-Tweet.release.xcconfig"; sourceTree = "<group>"; };
		9AD76A571C0F5AEC2C1B7BC1 /* Pods_Tweet_TweetTests.framework */ = {isa = PBXFileReference; explicitFileType = wrapper.framework; includeInIndex = 0; path = Pods_Tweet_TweetTests.framework; sourceTree = BUILT_PRODUCTS_DIR; };
		B13EAFEBC9A2C2AC541D2FA5 /* Pods_Tweet.framework */ = {isa = PBXFileReference; explicitFileType = wrapper.framework; includeInIndex = 0; path = Pods_Tweet.framework; sourceTree = BUILT_PRODUCTS_DIR; };
		C94B34F3509947C4E7D36C6E /* Pods-Tweet.debug.xcconfig */ = {isa = PBXFileReference; includeInIndex = 1; lastKnownFileType = text.xcconfig; name = "Pods-Tweet.debug.xcconfig"; path = "Target Support Files/Pods-Tweet/Pods-Tweet.debug.xcconfig"; sourceTree = "<group>"; };
		E103B26A25288D5000282E9E /* Tweet.framework */ = {isa = PBXFileReference; explicitFileType = wrapper.framework; includeInIndex = 0; path = Tweet.framework; sourceTree = BUILT_PRODUCTS_DIR; };
		E103B26D25288D5000282E9E /* Tweet.h */ = {isa = PBXFileReference; lastKnownFileType = sourcecode.c.h; path = Tweet.h; sourceTree = "<group>"; };
		E103B26E25288D5000282E9E /* Info.plist */ = {isa = PBXFileReference; lastKnownFileType = text.plist.xml; path = Info.plist; sourceTree = "<group>"; };
		E103B27325288D5100282E9E /* TweetTests.xctest */ = {isa = PBXFileReference; explicitFileType = wrapper.cfbundle; includeInIndex = 0; path = TweetTests.xctest; sourceTree = BUILT_PRODUCTS_DIR; };
		E103B27825288D5100282E9E /* TweetTests.swift */ = {isa = PBXFileReference; lastKnownFileType = sourcecode.swift; path = TweetTests.swift; sourceTree = "<group>"; };
		E103B27A25288D5100282E9E /* Info.plist */ = {isa = PBXFileReference; lastKnownFileType = text.plist.xml; path = Info.plist; sourceTree = "<group>"; };
		E103B2D325288D8E00282E9E /* Domain.framework */ = {isa = PBXFileReference; explicitFileType = wrapper.framework; path = Domain.framework; sourceTree = BUILT_PRODUCTS_DIR; };
		E103B2D825288D9300282E9E /* Common.framework */ = {isa = PBXFileReference; explicitFileType = wrapper.framework; path = Common.framework; sourceTree = BUILT_PRODUCTS_DIR; };
		E103B34025288EC900282E9E /* Localizable.strings */ = {isa = PBXFileReference; fileEncoding = 4; lastKnownFileType = text.plist.strings; path = Localizable.strings; sourceTree = "<group>"; };
		E103B34225288EC900282E9E /* UserTweetsSceneCoordinating.swift */ = {isa = PBXFileReference; fileEncoding = 4; lastKnownFileType = sourcecode.swift; path = UserTweetsSceneCoordinating.swift; sourceTree = "<group>"; };
		E103B34325288EC900282E9E /* TweetsCoordinator.swift */ = {isa = PBXFileReference; fileEncoding = 4; lastKnownFileType = sourcecode.swift; path = TweetsCoordinator.swift; sourceTree = "<group>"; };
		E103B34825288EC900282E9E /* SwiftGenStrings.swift */ = {isa = PBXFileReference; fileEncoding = 4; lastKnownFileType = sourcecode.swift; path = SwiftGenStrings.swift; sourceTree = "<group>"; };
		E103B34B25288ECA00282E9E /* UserTweetsViewModel.swift */ = {isa = PBXFileReference; fileEncoding = 4; lastKnownFileType = sourcecode.swift; path = UserTweetsViewModel.swift; sourceTree = "<group>"; };
		E103B34C25288ECA00282E9E /* UserTweetsViewModeling.swift */ = {isa = PBXFileReference; fileEncoding = 4; lastKnownFileType = sourcecode.swift; path = UserTweetsViewModeling.swift; sourceTree = "<group>"; };
		E103B35125288ECA00282E9E /* UserTweetsViewController.swift */ = {isa = PBXFileReference; fileEncoding = 4; lastKnownFileType = sourcecode.swift; path = UserTweetsViewController.swift; sourceTree = "<group>"; };
		E103B35225288ECA00282E9E /* TweetCell.swift */ = {isa = PBXFileReference; fileEncoding = 4; lastKnownFileType = sourcecode.swift; path = TweetCell.swift; sourceTree = "<group>"; };
		E103B35325288ECA00282E9E /* UserTweetsView.swift */ = {isa = PBXFileReference; fileEncoding = 4; lastKnownFileType = sourcecode.swift; path = UserTweetsView.swift; sourceTree = "<group>"; };
		E103B35525288ECA00282E9E /* UsersManufactoring.swift */ = {isa = PBXFileReference; fileEncoding = 4; lastKnownFileType = sourcecode.swift; path = UsersManufactoring.swift; sourceTree = "<group>"; };
		E103B3762528936E00282E9E /* TweetViewModel.swift */ = {isa = PBXFileReference; lastKnownFileType = sourcecode.swift; path = TweetViewModel.swift; sourceTree = "<group>"; };
		E185EFB3252B58D5007A6985 /* tweets.json */ = {isa = PBXFileReference; fileEncoding = 4; lastKnownFileType = text.json; path = tweets.json; sourceTree = "<group>"; };
		E1861B8C252B9A360053C8E2 /* sentiments.json */ = {isa = PBXFileReference; fileEncoding = 4; lastKnownFileType = text.json; path = sentiments.json; sourceTree = "<group>"; };
		E1861B90252BA00C0053C8E2 /* EvaluatingView.swift */ = {isa = PBXFileReference; lastKnownFileType = sourcecode.swift; path = EvaluatingView.swift; sourceTree = "<group>"; };
		E18B7B00252A083100C758CB /* TweetsManufacturingSpy.swift */ = {isa = PBXFileReference; lastKnownFileType = sourcecode.swift; path = TweetsManufacturingSpy.swift; sourceTree = "<group>"; };
		E18B7B07252A089C00C758CB /* SearchTweetsByUsernameUseCaseSpy.swift */ = {isa = PBXFileReference; lastKnownFileType = sourcecode.swift; path = SearchTweetsByUsernameUseCaseSpy.swift; sourceTree = "<group>"; };
		E18B7B12252A090D00C758CB /* TweetsDepartingCoordinatingStub.swift */ = {isa = PBXFileReference; lastKnownFileType = sourcecode.swift; path = TweetsDepartingCoordinatingStub.swift; sourceTree = "<group>"; };
		E18B7B6F252A0B2500C758CB /* UserTweetsSceneCoordinatingSpy.swift */ = {isa = PBXFileReference; lastKnownFileType = sourcecode.swift; path = UserTweetsSceneCoordinatingSpy.swift; sourceTree = "<group>"; };
		E18B7B77252A0BB300C758CB /* UserTweetsViewModel.swift */ = {isa = PBXFileReference; lastKnownFileType = sourcecode.swift; path = UserTweetsViewModel.swift; sourceTree = "<group>"; };
		E18B7B85252A0D6800C758CB /* TweetCoordinatorTests.swift */ = {isa = PBXFileReference; lastKnownFileType = sourcecode.swift; path = TweetCoordinatorTests.swift; sourceTree = "<group>"; };
		E18B7B8B252A0E4A00C758CB /* TweetViewModelTests.swift */ = {isa = PBXFileReference; lastKnownFileType = sourcecode.swift; path = TweetViewModelTests.swift; sourceTree = "<group>"; };
		E1C657FF252A7A710010054A /* AnalyzeSentimentForTextUseCaseableSpy.swift */ = {isa = PBXFileReference; lastKnownFileType = sourcecode.swift; path = AnalyzeSentimentForTextUseCaseableSpy.swift; sourceTree = "<group>"; };
/* End PBXFileReference section */

/* Begin PBXFrameworksBuildPhase section */
		E103B26725288D5000282E9E /* Frameworks */ = {
			isa = PBXFrameworksBuildPhase;
			buildActionMask = 2147483647;
			files = (
				E103B2D925288D9300282E9E /* Common.framework in Frameworks */,
				E103B2D425288D8E00282E9E /* Domain.framework in Frameworks */,
				2A1D035E41E13DA671496D4F /* Pods_Tweet.framework in Frameworks */,
			);
			runOnlyForDeploymentPostprocessing = 0;
		};
		E103B27025288D5100282E9E /* Frameworks */ = {
			isa = PBXFrameworksBuildPhase;
			buildActionMask = 2147483647;
			files = (
				E103B27425288D5100282E9E /* Tweet.framework in Frameworks */,
				32BEADC7DC913C71B5CA4584 /* Pods_Tweet_TweetTests.framework in Frameworks */,
			);
			runOnlyForDeploymentPostprocessing = 0;
		};
/* End PBXFrameworksBuildPhase section */

/* Begin PBXGroup section */
		9E5BC11082E17AF2967359A4 /* Frameworks */ = {
			isa = PBXGroup;
			children = (
				E103B2D825288D9300282E9E /* Common.framework */,
				E103B2D325288D8E00282E9E /* Domain.framework */,
				B13EAFEBC9A2C2AC541D2FA5 /* Pods_Tweet.framework */,
				9AD76A571C0F5AEC2C1B7BC1 /* Pods_Tweet_TweetTests.framework */,
			);
			name = Frameworks;
			sourceTree = "<group>";
		};
		B920FA0B05B3D8392E02AD3C /* Pods */ = {
			isa = PBXGroup;
			children = (
				C94B34F3509947C4E7D36C6E /* Pods-Tweet.debug.xcconfig */,
				5BA6D0491BCC25F9B0015B51 /* Pods-Tweet.release.xcconfig */,
				36CE2D1C5ACCB695B079BCC8 /* Pods-Tweet-TweetTests.debug.xcconfig */,
				5383BA4D90B1059939865CFF /* Pods-Tweet-TweetTests.release.xcconfig */,
			);
			name = Pods;
			path = ../../Pods;
			sourceTree = "<group>";
		};
		E103B26025288D5000282E9E = {
			isa = PBXGroup;
			children = (
				E103B26C25288D5000282E9E /* Tweet */,
				E103B27725288D5100282E9E /* TweetTests */,
				E103B26B25288D5000282E9E /* Products */,
				B920FA0B05B3D8392E02AD3C /* Pods */,
				9E5BC11082E17AF2967359A4 /* Frameworks */,
			);
			sourceTree = "<group>";
		};
		E103B26B25288D5000282E9E /* Products */ = {
			isa = PBXGroup;
			children = (
				E103B26A25288D5000282E9E /* Tweet.framework */,
				E103B27325288D5100282E9E /* TweetTests.xctest */,
			);
			name = Products;
			sourceTree = "<group>";
		};
		E103B26C25288D5000282E9E /* Tweet */ = {
			isa = PBXGroup;
			children = (
				E103B34425288EC900282E9E /* Models */,
				E103B35025288ECA00282E9E /* Views */,
				E103B34A25288ECA00282E9E /* ViewModels */,
				E103B34125288EC900282E9E /* Coordinators */,
				E103B35425288ECA00282E9E /* Factories */,
				E103B34525288EC900282E9E /* Helpers */,
				E103B33F25288EC900282E9E /* Resources */,
				E103B34D25288ECA00282E9E /* Supporting Files */,
			);
			path = Tweet;
			sourceTree = "<group>";
		};
		E103B27725288D5100282E9E /* TweetTests */ = {
			isa = PBXGroup;
			children = (
				E18B7B0F252A08F700C758CB /* Coordinators */,
				E18B7B06252A088D00C758CB /* UseCases */,
				E18B7AFF252A081600C758CB /* Factories */,
				E18B7B73252A0B3B00C758CB /* TestCases */,
				E103B27A25288D5100282E9E /* Info.plist */,
			);
			path = TweetTests;
			sourceTree = "<group>";
		};
		E103B33F25288EC900282E9E /* Resources */ = {
			isa = PBXGroup;
			children = (
				E1861B8C252B9A360053C8E2 /* sentiments.json */,
				E185EFB3252B58D5007A6985 /* tweets.json */,
				E103B34025288EC900282E9E /* Localizable.strings */,
			);
			path = Resources;
			sourceTree = "<group>";
		};
		E103B34125288EC900282E9E /* Coordinators */ = {
			isa = PBXGroup;
			children = (
				E103B34225288EC900282E9E /* UserTweetsSceneCoordinating.swift */,
				E103B34325288EC900282E9E /* TweetsCoordinator.swift */,
			);
			path = Coordinators;
			sourceTree = "<group>";
		};
		E103B34425288EC900282E9E /* Models */ = {
			isa = PBXGroup;
			children = (
			);
			path = Models;
			sourceTree = "<group>";
		};
		E103B34525288EC900282E9E /* Helpers */ = {
			isa = PBXGroup;
			children = (
				E103B34625288EC900282E9E /* Constants */,
				E103B34925288EC900282E9E /* Extensions */,
			);
			path = Helpers;
			sourceTree = "<group>";
		};
		E103B34625288EC900282E9E /* Constants */ = {
			isa = PBXGroup;
			children = (
				E103B34725288EC900282E9E /* Generated */,
			);
			path = Constants;
			sourceTree = "<group>";
		};
		E103B34725288EC900282E9E /* Generated */ = {
			isa = PBXGroup;
			children = (
				E103B34825288EC900282E9E /* SwiftGenStrings.swift */,
			);
			path = Generated;
			sourceTree = "<group>";
		};
		E103B34925288EC900282E9E /* Extensions */ = {
			isa = PBXGroup;
			children = (
			);
			path = Extensions;
			sourceTree = "<group>";
		};
		E103B34A25288ECA00282E9E /* ViewModels */ = {
			isa = PBXGroup;
			children = (
				E103B34B25288ECA00282E9E /* UserTweetsViewModel.swift */,
				E103B34C25288ECA00282E9E /* UserTweetsViewModeling.swift */,
				E103B3762528936E00282E9E /* TweetViewModel.swift */,
			);
			path = ViewModels;
			sourceTree = "<group>";
		};
		E103B34D25288ECA00282E9E /* Supporting Files */ = {
			isa = PBXGroup;
			children = (
				E103B26D25288D5000282E9E /* Tweet.h */,
				E103B26E25288D5000282E9E /* Info.plist */,
			);
			path = "Supporting Files";
			sourceTree = "<group>";
		};
		E103B35025288ECA00282E9E /* Views */ = {
			isa = PBXGroup;
			children = (
				E103B35125288ECA00282E9E /* UserTweetsViewController.swift */,
				E103B35225288ECA00282E9E /* TweetCell.swift */,
				E103B35325288ECA00282E9E /* UserTweetsView.swift */,
				E1861B90252BA00C0053C8E2 /* EvaluatingView.swift */,
			);
			path = Views;
			sourceTree = "<group>";
		};
		E103B35425288ECA00282E9E /* Factories */ = {
			isa = PBXGroup;
			children = (
				E103B35525288ECA00282E9E /* UsersManufactoring.swift */,
			);
			path = Factories;
			sourceTree = "<group>";
		};
		E18B7AFF252A081600C758CB /* Factories */ = {
			isa = PBXGroup;
			children = (
				E18B7B00252A083100C758CB /* TweetsManufacturingSpy.swift */,
			);
			path = Factories;
			sourceTree = "<group>";
		};
		E18B7B06252A088D00C758CB /* UseCases */ = {
			isa = PBXGroup;
			children = (
				E18B7B07252A089C00C758CB /* SearchTweetsByUsernameUseCaseSpy.swift */,
				E1C657FF252A7A710010054A /* AnalyzeSentimentForTextUseCaseableSpy.swift */,
			);
			path = UseCases;
			sourceTree = "<group>";
		};
		E18B7B0F252A08F700C758CB /* Coordinators */ = {
			isa = PBXGroup;
			children = (
				E18B7B12252A090D00C758CB /* TweetsDepartingCoordinatingStub.swift */,
				E18B7B6F252A0B2500C758CB /* UserTweetsSceneCoordinatingSpy.swift */,
			);
			path = Coordinators;
			sourceTree = "<group>";
		};
		E18B7B73252A0B3B00C758CB /* TestCases */ = {
			isa = PBXGroup;
			children = (
				E18B7B80252A0D5300C758CB /* Coordinators */,
				E18B7B76252A0BA600C758CB /* ViewModels */,
				E103B27825288D5100282E9E /* TweetTests.swift */,
			);
			path = TestCases;
			sourceTree = "<group>";
		};
		E18B7B76252A0BA600C758CB /* ViewModels */ = {
			isa = PBXGroup;
			children = (
				E18B7B77252A0BB300C758CB /* UserTweetsViewModel.swift */,
				E18B7B8B252A0E4A00C758CB /* TweetViewModelTests.swift */,
			);
			path = ViewModels;
			sourceTree = "<group>";
		};
		E18B7B80252A0D5300C758CB /* Coordinators */ = {
			isa = PBXGroup;
			children = (
				E18B7B85252A0D6800C758CB /* TweetCoordinatorTests.swift */,
			);
			path = Coordinators;
			sourceTree = "<group>";
		};
/* End PBXGroup section */

/* Begin PBXHeadersBuildPhase section */
		E103B26525288D5000282E9E /* Headers */ = {
			isa = PBXHeadersBuildPhase;
			buildActionMask = 2147483647;
			files = (
				E103B27B25288D5100282E9E /* Tweet.h in Headers */,
			);
			runOnlyForDeploymentPostprocessing = 0;
		};
/* End PBXHeadersBuildPhase section */

/* Begin PBXNativeTarget section */
		E103B26925288D5000282E9E /* Tweet */ = {
			isa = PBXNativeTarget;
			buildConfigurationList = E103B27E25288D5100282E9E /* Build configuration list for PBXNativeTarget "Tweet" */;
			buildPhases = (
				8C2632A2F7CA9827F58F9BFB /* [CP] Check Pods Manifest.lock */,
				E103B26525288D5000282E9E /* Headers */,
				E103B26625288D5000282E9E /* Sources */,
				E103B26725288D5000282E9E /* Frameworks */,
				E103B26825288D5000282E9E /* Resources */,
			);
			buildRules = (
			);
			dependencies = (
			);
			name = Tweet;
			productName = Tweet;
			productReference = E103B26A25288D5000282E9E /* Tweet.framework */;
			productType = "com.apple.product-type.framework";
		};
		E103B27225288D5100282E9E /* TweetTests */ = {
			isa = PBXNativeTarget;
			buildConfigurationList = E103B28125288D5100282E9E /* Build configuration list for PBXNativeTarget "TweetTests" */;
			buildPhases = (
				C182F76CC3EA2212733D9A99 /* [CP] Check Pods Manifest.lock */,
				E103B26F25288D5100282E9E /* Sources */,
				E103B27025288D5100282E9E /* Frameworks */,
				E103B27125288D5100282E9E /* Resources */,
				DB7CC0993CD7B62DE30E4947 /* [CP] Embed Pods Frameworks */,
			);
			buildRules = (
			);
			dependencies = (
				E103B27625288D5100282E9E /* PBXTargetDependency */,
			);
			name = TweetTests;
			productName = TweetTests;
			productReference = E103B27325288D5100282E9E /* TweetTests.xctest */;
			productType = "com.apple.product-type.bundle.unit-test";
		};
/* End PBXNativeTarget section */

/* Begin PBXProject section */
		E103B26125288D5000282E9E /* Project object */ = {
			isa = PBXProject;
			attributes = {
				LastSwiftUpdateCheck = 1200;
				LastUpgradeCheck = 1200;
				TargetAttributes = {
					E103B26925288D5000282E9E = {
						CreatedOnToolsVersion = 12.0.1;
					};
					E103B27225288D5100282E9E = {
						CreatedOnToolsVersion = 12.0.1;
					};
				};
			};
			buildConfigurationList = E103B26425288D5000282E9E /* Build configuration list for PBXProject "Tweet" */;
			compatibilityVersion = "Xcode 9.3";
			developmentRegion = en;
			hasScannedForEncodings = 0;
			knownRegions = (
				en,
				Base,
			);
			mainGroup = E103B26025288D5000282E9E;
			productRefGroup = E103B26B25288D5000282E9E /* Products */;
			projectDirPath = "";
			projectRoot = "";
			targets = (
				E103B26925288D5000282E9E /* Tweet */,
				E103B27225288D5100282E9E /* TweetTests */,
			);
		};
/* End PBXProject section */

/* Begin PBXResourcesBuildPhase section */
		E103B26825288D5000282E9E /* Resources */ = {
			isa = PBXResourcesBuildPhase;
			buildActionMask = 2147483647;
			files = (
				E103B35625288ECA00282E9E /* Localizable.strings in Resources */,
				E185EFB5252B58D5007A6985 /* tweets.json in Resources */,
				E1861B8D252B9A360053C8E2 /* sentiments.json in Resources */,
			);
			runOnlyForDeploymentPostprocessing = 0;
		};
		E103B27125288D5100282E9E /* Resources */ = {
			isa = PBXResourcesBuildPhase;
			buildActionMask = 2147483647;
			files = (
			);
			runOnlyForDeploymentPostprocessing = 0;
		};
/* End PBXResourcesBuildPhase section */

/* Begin PBXShellScriptBuildPhase section */
		8C2632A2F7CA9827F58F9BFB /* [CP] Check Pods Manifest.lock */ = {
			isa = PBXShellScriptBuildPhase;
			buildActionMask = 2147483647;
			files = (
			);
			inputFileListPaths = (
			);
			inputPaths = (
				"${PODS_PODFILE_DIR_PATH}/Podfile.lock",
				"${PODS_ROOT}/Manifest.lock",
			);
			name = "[CP] Check Pods Manifest.lock";
			outputFileListPaths = (
			);
			outputPaths = (
				"$(DERIVED_FILE_DIR)/Pods-Tweet-checkManifestLockResult.txt",
			);
			runOnlyForDeploymentPostprocessing = 0;
			shellPath = /bin/sh;
			shellScript = "diff \"${PODS_PODFILE_DIR_PATH}/Podfile.lock\" \"${PODS_ROOT}/Manifest.lock\" > /dev/null\nif [ $? != 0 ] ; then\n    # print error to STDERR\n    echo \"error: The sandbox is not in sync with the Podfile.lock. Run 'pod install' or update your CocoaPods installation.\" >&2\n    exit 1\nfi\n# This output is used by Xcode 'outputs' to avoid re-running this script phase.\necho \"SUCCESS\" > \"${SCRIPT_OUTPUT_FILE_0}\"\n";
			showEnvVarsInLog = 0;
		};
		C182F76CC3EA2212733D9A99 /* [CP] Check Pods Manifest.lock */ = {
			isa = PBXShellScriptBuildPhase;
			buildActionMask = 2147483647;
			files = (
			);
			inputFileListPaths = (
			);
			inputPaths = (
				"${PODS_PODFILE_DIR_PATH}/Podfile.lock",
				"${PODS_ROOT}/Manifest.lock",
			);
			name = "[CP] Check Pods Manifest.lock";
			outputFileListPaths = (
			);
			outputPaths = (
				"$(DERIVED_FILE_DIR)/Pods-Tweet-TweetTests-checkManifestLockResult.txt",
			);
			runOnlyForDeploymentPostprocessing = 0;
			shellPath = /bin/sh;
			shellScript = "diff \"${PODS_PODFILE_DIR_PATH}/Podfile.lock\" \"${PODS_ROOT}/Manifest.lock\" > /dev/null\nif [ $? != 0 ] ; then\n    # print error to STDERR\n    echo \"error: The sandbox is not in sync with the Podfile.lock. Run 'pod install' or update your CocoaPods installation.\" >&2\n    exit 1\nfi\n# This output is used by Xcode 'outputs' to avoid re-running this script phase.\necho \"SUCCESS\" > \"${SCRIPT_OUTPUT_FILE_0}\"\n";
			showEnvVarsInLog = 0;
		};
		DB7CC0993CD7B62DE30E4947 /* [CP] Embed Pods Frameworks */ = {
			isa = PBXShellScriptBuildPhase;
			buildActionMask = 2147483647;
			files = (
			);
			inputFileListPaths = (
				"${PODS_ROOT}/Target Support Files/Pods-Tweet-TweetTests/Pods-Tweet-TweetTests-frameworks-${CONFIGURATION}-input-files.xcfilelist",
			);
			name = "[CP] Embed Pods Frameworks";
			outputFileListPaths = (
				"${PODS_ROOT}/Target Support Files/Pods-Tweet-TweetTests/Pods-Tweet-TweetTests-frameworks-${CONFIGURATION}-output-files.xcfilelist",
			);
			runOnlyForDeploymentPostprocessing = 0;
			shellPath = /bin/sh;
			shellScript = "\"${PODS_ROOT}/Target Support Files/Pods-Tweet-TweetTests/Pods-Tweet-TweetTests-frameworks.sh\"\n";
			showEnvVarsInLog = 0;
		};
/* End PBXShellScriptBuildPhase section */

/* Begin PBXSourcesBuildPhase section */
		E103B26625288D5000282E9E /* Sources */ = {
			isa = PBXSourcesBuildPhase;
			buildActionMask = 2147483647;
			files = (
				E103B35725288ECA00282E9E /* UserTweetsSceneCoordinating.swift in Sources */,
				E103B35E25288ECA00282E9E /* UserTweetsViewController.swift in Sources */,
				E103B35A25288ECA00282E9E /* UserTweetsViewModel.swift in Sources */,
				E103B36025288ECA00282E9E /* UserTweetsView.swift in Sources */,
				E1861B91252BA00C0053C8E2 /* EvaluatingView.swift in Sources */,
				E103B35825288ECA00282E9E /* TweetsCoordinator.swift in Sources */,
				E103B35B25288ECA00282E9E /* UserTweetsViewModeling.swift in Sources */,
				E103B3772528936E00282E9E /* TweetViewModel.swift in Sources */,
				E103B36125288ECA00282E9E /* UsersManufactoring.swift in Sources */,
				E103B35925288ECA00282E9E /* SwiftGenStrings.swift in Sources */,
				E103B35F25288ECA00282E9E /* TweetCell.swift in Sources */,
			);
			runOnlyForDeploymentPostprocessing = 0;
		};
		E103B26F25288D5100282E9E /* Sources */ = {
			isa = PBXSourcesBuildPhase;
			buildActionMask = 2147483647;
			files = (
				E103B27925288D5100282E9E /* TweetTests.swift in Sources */,
				E18B7B86252A0D6800C758CB /* TweetCoordinatorTests.swift in Sources */,
				E18B7B78252A0BB300C758CB /* UserTweetsViewModel.swift in Sources */,
				E18B7B01252A083100C758CB /* TweetsManufacturingSpy.swift in Sources */,
				E18B7B8C252A0E4A00C758CB /* TweetViewModelTests.swift in Sources */,
				E18B7B13252A090D00C758CB /* TweetsDepartingCoordinatingStub.swift in Sources */,
				E18B7B70252A0B2500C758CB /* UserTweetsSceneCoordinatingSpy.swift in Sources */,
				E1C65800252A7A710010054A /* AnalyzeSentimentForTextUseCaseableSpy.swift in Sources */,
				E18B7B08252A089C00C758CB /* SearchTweetsByUsernameUseCaseSpy.swift in Sources */,
			);
			runOnlyForDeploymentPostprocessing = 0;
		};
/* End PBXSourcesBuildPhase section */

/* Begin PBXTargetDependency section */
		E103B27625288D5100282E9E /* PBXTargetDependency */ = {
			isa = PBXTargetDependency;
			target = E103B26925288D5000282E9E /* Tweet */;
			targetProxy = E103B27525288D5100282E9E /* PBXContainerItemProxy */;
		};
/* End PBXTargetDependency section */

/* Begin XCBuildConfiguration section */
		E103B27C25288D5100282E9E /* Debug */ = {
			isa = XCBuildConfiguration;
			buildSettings = {
				ALWAYS_SEARCH_USER_PATHS = NO;
				CLANG_ANALYZER_NONNULL = YES;
				CLANG_ANALYZER_NUMBER_OBJECT_CONVERSION = YES_AGGRESSIVE;
				CLANG_CXX_LANGUAGE_STANDARD = "gnu++14";
				CLANG_CXX_LIBRARY = "libc++";
				CLANG_ENABLE_MODULES = YES;
				CLANG_ENABLE_OBJC_ARC = YES;
				CLANG_ENABLE_OBJC_WEAK = YES;
				CLANG_WARN_BLOCK_CAPTURE_AUTORELEASING = YES;
				CLANG_WARN_BOOL_CONVERSION = YES;
				CLANG_WARN_COMMA = YES;
				CLANG_WARN_CONSTANT_CONVERSION = YES;
				CLANG_WARN_DEPRECATED_OBJC_IMPLEMENTATIONS = YES;
				CLANG_WARN_DIRECT_OBJC_ISA_USAGE = YES_ERROR;
				CLANG_WARN_DOCUMENTATION_COMMENTS = YES;
				CLANG_WARN_EMPTY_BODY = YES;
				CLANG_WARN_ENUM_CONVERSION = YES;
				CLANG_WARN_INFINITE_RECURSION = YES;
				CLANG_WARN_INT_CONVERSION = YES;
				CLANG_WARN_NON_LITERAL_NULL_CONVERSION = YES;
				CLANG_WARN_OBJC_IMPLICIT_RETAIN_SELF = YES;
				CLANG_WARN_OBJC_LITERAL_CONVERSION = YES;
				CLANG_WARN_OBJC_ROOT_CLASS = YES_ERROR;
				CLANG_WARN_QUOTED_INCLUDE_IN_FRAMEWORK_HEADER = YES;
				CLANG_WARN_RANGE_LOOP_ANALYSIS = YES;
				CLANG_WARN_STRICT_PROTOTYPES = YES;
				CLANG_WARN_SUSPICIOUS_MOVE = YES;
				CLANG_WARN_UNGUARDED_AVAILABILITY = YES_AGGRESSIVE;
				CLANG_WARN_UNREACHABLE_CODE = YES;
				CLANG_WARN__DUPLICATE_METHOD_MATCH = YES;
				COPY_PHASE_STRIP = NO;
				CURRENT_PROJECT_VERSION = 1;
				DEBUG_INFORMATION_FORMAT = dwarf;
				ENABLE_STRICT_OBJC_MSGSEND = YES;
				ENABLE_TESTABILITY = YES;
				GCC_C_LANGUAGE_STANDARD = gnu11;
				GCC_DYNAMIC_NO_PIC = NO;
				GCC_NO_COMMON_BLOCKS = YES;
				GCC_OPTIMIZATION_LEVEL = 0;
				GCC_PREPROCESSOR_DEFINITIONS = (
					"DEBUG=1",
					"$(inherited)",
				);
				GCC_WARN_64_TO_32_BIT_CONVERSION = YES;
				GCC_WARN_ABOUT_RETURN_TYPE = YES_ERROR;
				GCC_WARN_UNDECLARED_SELECTOR = YES;
				GCC_WARN_UNINITIALIZED_AUTOS = YES_AGGRESSIVE;
				GCC_WARN_UNUSED_FUNCTION = YES;
				GCC_WARN_UNUSED_VARIABLE = YES;
				IPHONEOS_DEPLOYMENT_TARGET = 11.0;
				MTL_ENABLE_DEBUG_INFO = INCLUDE_SOURCE;
				MTL_FAST_MATH = YES;
				ONLY_ACTIVE_ARCH = YES;
				SDKROOT = iphoneos;
				SWIFT_ACTIVE_COMPILATION_CONDITIONS = DEBUG;
				SWIFT_OPTIMIZATION_LEVEL = "-Onone";
				VERSIONING_SYSTEM = "apple-generic";
				VERSION_INFO_PREFIX = "";
			};
			name = Debug;
		};
		E103B27D25288D5100282E9E /* Release */ = {
			isa = XCBuildConfiguration;
			buildSettings = {
				ALWAYS_SEARCH_USER_PATHS = NO;
				CLANG_ANALYZER_NONNULL = YES;
				CLANG_ANALYZER_NUMBER_OBJECT_CONVERSION = YES_AGGRESSIVE;
				CLANG_CXX_LANGUAGE_STANDARD = "gnu++14";
				CLANG_CXX_LIBRARY = "libc++";
				CLANG_ENABLE_MODULES = YES;
				CLANG_ENABLE_OBJC_ARC = YES;
				CLANG_ENABLE_OBJC_WEAK = YES;
				CLANG_WARN_BLOCK_CAPTURE_AUTORELEASING = YES;
				CLANG_WARN_BOOL_CONVERSION = YES;
				CLANG_WARN_COMMA = YES;
				CLANG_WARN_CONSTANT_CONVERSION = YES;
				CLANG_WARN_DEPRECATED_OBJC_IMPLEMENTATIONS = YES;
				CLANG_WARN_DIRECT_OBJC_ISA_USAGE = YES_ERROR;
				CLANG_WARN_DOCUMENTATION_COMMENTS = YES;
				CLANG_WARN_EMPTY_BODY = YES;
				CLANG_WARN_ENUM_CONVERSION = YES;
				CLANG_WARN_INFINITE_RECURSION = YES;
				CLANG_WARN_INT_CONVERSION = YES;
				CLANG_WARN_NON_LITERAL_NULL_CONVERSION = YES;
				CLANG_WARN_OBJC_IMPLICIT_RETAIN_SELF = YES;
				CLANG_WARN_OBJC_LITERAL_CONVERSION = YES;
				CLANG_WARN_OBJC_ROOT_CLASS = YES_ERROR;
				CLANG_WARN_QUOTED_INCLUDE_IN_FRAMEWORK_HEADER = YES;
				CLANG_WARN_RANGE_LOOP_ANALYSIS = YES;
				CLANG_WARN_STRICT_PROTOTYPES = YES;
				CLANG_WARN_SUSPICIOUS_MOVE = YES;
				CLANG_WARN_UNGUARDED_AVAILABILITY = YES_AGGRESSIVE;
				CLANG_WARN_UNREACHABLE_CODE = YES;
				CLANG_WARN__DUPLICATE_METHOD_MATCH = YES;
				COPY_PHASE_STRIP = NO;
				CURRENT_PROJECT_VERSION = 1;
				DEBUG_INFORMATION_FORMAT = "dwarf-with-dsym";
				ENABLE_NS_ASSERTIONS = NO;
				ENABLE_STRICT_OBJC_MSGSEND = YES;
				GCC_C_LANGUAGE_STANDARD = gnu11;
				GCC_NO_COMMON_BLOCKS = YES;
				GCC_WARN_64_TO_32_BIT_CONVERSION = YES;
				GCC_WARN_ABOUT_RETURN_TYPE = YES_ERROR;
				GCC_WARN_UNDECLARED_SELECTOR = YES;
				GCC_WARN_UNINITIALIZED_AUTOS = YES_AGGRESSIVE;
				GCC_WARN_UNUSED_FUNCTION = YES;
				GCC_WARN_UNUSED_VARIABLE = YES;
				IPHONEOS_DEPLOYMENT_TARGET = 11.0;
				MTL_ENABLE_DEBUG_INFO = NO;
				MTL_FAST_MATH = YES;
				SDKROOT = iphoneos;
				SWIFT_COMPILATION_MODE = wholemodule;
				SWIFT_OPTIMIZATION_LEVEL = "-O";
				VALIDATE_PRODUCT = YES;
				VERSIONING_SYSTEM = "apple-generic";
				VERSION_INFO_PREFIX = "";
			};
			name = Release;
		};
		E103B27F25288D5100282E9E /* Debug */ = {
			isa = XCBuildConfiguration;
			baseConfigurationReference = C94B34F3509947C4E7D36C6E /* Pods-Tweet.debug.xcconfig */;
			buildSettings = {
				CODE_SIGN_STYLE = Automatic;
				DEFINES_MODULE = YES;
				DEVELOPMENT_TEAM = KYWC2RHW78;
				DYLIB_COMPATIBILITY_VERSION = 1;
				DYLIB_CURRENT_VERSION = 1;
				DYLIB_INSTALL_NAME_BASE = "@rpath";
				INFOPLIST_FILE = "Tweet/Supporting Files/Info.plist";
				INSTALL_PATH = "$(LOCAL_LIBRARY_DIR)/Frameworks";
				LD_RUNPATH_SEARCH_PATHS = (
					"$(inherited)",
					"@executable_path/Frameworks",
					"@loader_path/Frameworks",
				);
				PRODUCT_BUNDLE_IDENTIFIER = br.com.dias.Tweet;
				PRODUCT_NAME = "$(TARGET_NAME:c99extidentifier)";
				SKIP_INSTALL = YES;
				SWIFT_VERSION = 5.0;
				TARGETED_DEVICE_FAMILY = "1,2";
			};
			name = Debug;
		};
		E103B28025288D5100282E9E /* Release */ = {
			isa = XCBuildConfiguration;
			baseConfigurationReference = 5BA6D0491BCC25F9B0015B51 /* Pods-Tweet.release.xcconfig */;
			buildSettings = {
				CODE_SIGN_STYLE = Automatic;
				DEFINES_MODULE = YES;
				DEVELOPMENT_TEAM = KYWC2RHW78;
				DYLIB_COMPATIBILITY_VERSION = 1;
				DYLIB_CURRENT_VERSION = 1;
				DYLIB_INSTALL_NAME_BASE = "@rpath";
				INFOPLIST_FILE = "Tweet/Supporting Files/Info.plist";
				INSTALL_PATH = "$(LOCAL_LIBRARY_DIR)/Frameworks";
				LD_RUNPATH_SEARCH_PATHS = (
					"$(inherited)",
					"@executable_path/Frameworks",
					"@loader_path/Frameworks",
				);
				PRODUCT_BUNDLE_IDENTIFIER = br.com.dias.Tweet;
				PRODUCT_NAME = "$(TARGET_NAME:c99extidentifier)";
				SKIP_INSTALL = YES;
				SWIFT_VERSION = 5.0;
				TARGETED_DEVICE_FAMILY = "1,2";
			};
			name = Release;
		};
		E103B28225288D5100282E9E /* Debug */ = {
			isa = XCBuildConfiguration;
			baseConfigurationReference = 36CE2D1C5ACCB695B079BCC8 /* Pods-Tweet-TweetTests.debug.xcconfig */;
			buildSettings = {
				CODE_SIGN_STYLE = Automatic;
				DEVELOPMENT_TEAM = KYWC2RHW78;
				INFOPLIST_FILE = TweetTests/Info.plist;
				LD_RUNPATH_SEARCH_PATHS = (
					"$(inherited)",
					"@executable_path/Frameworks",
					"@loader_path/Frameworks",
				);
				PRODUCT_BUNDLE_IDENTIFIER = br.com.dias.TweetTests;
				PRODUCT_NAME = "$(TARGET_NAME)";
				SWIFT_VERSION = 5.0;
				TARGETED_DEVICE_FAMILY = "1,2";
			};
			name = Debug;
		};
		E103B28325288D5100282E9E /* Release */ = {
			isa = XCBuildConfiguration;
			baseConfigurationReference = 5383BA4D90B1059939865CFF /* Pods-Tweet-TweetTests.release.xcconfig */;
			buildSettings = {
				CODE_SIGN_STYLE = Automatic;
				DEVELOPMENT_TEAM = KYWC2RHW78;
				INFOPLIST_FILE = TweetTests/Info.plist;
				LD_RUNPATH_SEARCH_PATHS = (
					"$(inherited)",
					"@executable_path/Frameworks",
					"@loader_path/Frameworks",
				);
				PRODUCT_BUNDLE_IDENTIFIER = br.com.dias.TweetTests;
				PRODUCT_NAME = "$(TARGET_NAME)";
				SWIFT_VERSION = 5.0;
				TARGETED_DEVICE_FAMILY = "1,2";
			};
			name = Release;
		};
/* End XCBuildConfiguration section */

/* Begin XCConfigurationList section */
		E103B26425288D5000282E9E /* Build configuration list for PBXProject "Tweet" */ = {
			isa = XCConfigurationList;
			buildConfigurations = (
				E103B27C25288D5100282E9E /* Debug */,
				E103B27D25288D5100282E9E /* Release */,
			);
			defaultConfigurationIsVisible = 0;
			defaultConfigurationName = Release;
		};
		E103B27E25288D5100282E9E /* Build configuration list for PBXNativeTarget "Tweet" */ = {
			isa = XCConfigurationList;
			buildConfigurations = (
				E103B27F25288D5100282E9E /* Debug */,
				E103B28025288D5100282E9E /* Release */,
			);
			defaultConfigurationIsVisible = 0;
			defaultConfigurationName = Release;
		};
		E103B28125288D5100282E9E /* Build configuration list for PBXNativeTarget "TweetTests" */ = {
			isa = XCConfigurationList;
			buildConfigurations = (
				E103B28225288D5100282E9E /* Debug */,
				E103B28325288D5100282E9E /* Release */,
			);
			defaultConfigurationIsVisible = 0;
			defaultConfigurationName = Release;
		};
/* End XCConfigurationList section */
	};
	rootObject = E103B26125288D5000282E9E /* Project object */;
}
