<?xml version="1.0" encoding="UTF-8"?>
<Scheme
   LastUpgradeVersion = "1200"
   version = "1.3">
   <BuildAction
      parallelizeBuildables = "YES"
      buildImplicitDependencies = "YES">
      <BuildActionEntries>
         <BuildActionEntry
            buildForTesting = "YES"
            buildForRunning = "YES"
            buildForProfiling = "YES"
            buildForArchiving = "YES"
            buildForAnalyzing = "YES">
            <BuildableReference
               BuildableIdentifier = "primary"
               BlueprintIdentifier = "E1693D51251FFE29009D7F41"
               BuildableName = "TheFeels.app"
               BlueprintName = "TheFeels"
               ReferencedContainer = "container:TheFeels.xcodeproj">
            </BuildableReference>
         </BuildActionEntry>
      </BuildActionEntries>
   </BuildAction>
   <TestAction
      buildConfiguration = "Debug"
      selectedDebuggerIdentifier = "Xcode.DebuggerFoundation.Debugger.LLDB"
      selectedLauncherIdentifier = "Xcode.DebuggerFoundation.Launcher.LLDB"
      shouldUseLaunchSchemeArgsEnv = "YES"
      codeCoverageEnabled = "YES"
      onlyGenerateCoverageForSpecifiedTargets = "YES">
      <CodeCoverageTargets>
         <BuildableReference
            BuildableIdentifier = "primary"
            BlueprintIdentifier = "E14F8000252123F1003075F9"
            BuildableName = "AppNavigation.framework"
            BlueprintName = "AppNavigation"
            ReferencedContainer = "container:AppNavigation/AppNavigation.xcodeproj">
         </BuildableReference>
         <BuildableReference
            BuildableIdentifier = "primary"
            BlueprintIdentifier = "E1E2735325210872001903B0"
            BuildableName = "Networking.framework"
            BlueprintName = "Networking"
            ReferencedContainer = "container:Data/Networking/Networking.xcodeproj">
         </BuildableReference>
         <BuildableReference
            BuildableIdentifier = "primary"
            BlueprintIdentifier = "E1E274D025211085001903B0"
            BuildableName = "Storage.framework"
            BlueprintName = "Storage"
            ReferencedContainer = "container:Data/Storage/Storage.xcodeproj">
         </BuildableReference>
         <BuildableReference
            BuildableIdentifier = "primary"
            BlueprintIdentifier = "E14F80E62521270A003075F9"
            BuildableName = "DI.framework"
            BlueprintName = "DI"
            ReferencedContainer = "container:DI/DI.xcodeproj">
         </BuildableReference>
         <BuildableReference
            BuildableIdentifier = "primary"
            BlueprintIdentifier = "E1693D51251FFE29009D7F41"
            BuildableName = "TheFeels.app"
            BlueprintName = "TheFeels"
            ReferencedContainer = "container:TheFeels.xcodeproj">
         </BuildableReference>
         <BuildableReference
            BuildableIdentifier = "primary"
            BlueprintIdentifier = "E1E272C12520F52A001903B0"
            BuildableName = "AppData.framework"
            BlueprintName = "AppData"
            ReferencedContainer = "container:Data/AppData/AppData.xcodeproj">
         </BuildableReference>
         <BuildableReference
            BuildableIdentifier = "primary"
            BlueprintIdentifier = "E14F82D82521527D003075F9"
            BuildableName = "User.framework"
            BlueprintName = "User"
            ReferencedContainer = "container:Presentation/User/User.xcodeproj">
         </BuildableReference>
         <BuildableReference
            BuildableIdentifier = "primary"
            BlueprintIdentifier = "E14F7EF725211CCD003075F9"
            BuildableName = "Common.framework"
            BlueprintName = "Common"
            ReferencedContainer = "container:Presentation/Common/Common.xcodeproj">
         </BuildableReference>
         <BuildableReference
            BuildableIdentifier = "primary"
            BlueprintIdentifier = "E103B26925288D5000282E9E"
            BuildableName = "Tweet.framework"
            BlueprintName = "Tweet"
            ReferencedContainer = "container:Presentation/Tweet/Tweet.xcodeproj">
         </BuildableReference>
         <BuildableReference
            BuildableIdentifier = "primary"
            BlueprintIdentifier = "E1693DB32520D538009D7F41"
            BuildableName = "Domain.framework"
            BlueprintName = "Domain"
            ReferencedContainer = "container:Domain/Domain.xcodeproj">
         </BuildableReference>
      </CodeCoverageTargets>
      <Testables>
         <TestableReference
            skipped = "NO">
            <BuildableReference
               BuildableIdentifier = "primary"
               BlueprintIdentifier = "E1693D67251FFE2C009D7F41"
               BuildableName = "TheFeelsTests.xctest"
               BlueprintName = "TheFeelsTests"
               ReferencedContainer = "container:TheFeels.xcodeproj">
            </BuildableReference>
         </TestableReference>
         <TestableReference
            skipped = "NO">
            <BuildableReference
               BuildableIdentifier = "primary"
               BlueprintIdentifier = "E1693D72251FFE2C009D7F41"
               BuildableName = "TheFeelsUITests.xctest"
               BlueprintName = "TheFeelsUITests"
               ReferencedContainer = "container:TheFeels.xcodeproj">
            </BuildableReference>
         </TestableReference>
         <TestableReference
            skipped = "NO">
            <BuildableReference
               BuildableIdentifier = "primary"
               BlueprintIdentifier = "E1693DBC2520D538009D7F41"
               BuildableName = "DomainTests.xctest"
               BlueprintName = "DomainTests"
               ReferencedContainer = "container:Domain/Domain.xcodeproj">
            </BuildableReference>
         </TestableReference>
         <TestableReference
            skipped = "NO">
            <BuildableReference
               BuildableIdentifier = "primary"
               BlueprintIdentifier = "E1E272CA2520F52A001903B0"
               BuildableName = "AppDataTests.xctest"
               BlueprintName = "AppDataTests"
               ReferencedContainer = "container:Data/AppData/AppData.xcodeproj">
            </BuildableReference>
         </TestableReference>
         <TestableReference
            skipped = "NO">
            <BuildableReference
               BuildableIdentifier = "primary"
               BlueprintIdentifier = "E1E2735C25210873001903B0"
               BuildableName = "NetworkingTests.xctest"
               BlueprintName = "NetworkingTests"
               ReferencedContainer = "container:Data/Networking/Networking.xcodeproj">
            </BuildableReference>
         </TestableReference>
         <TestableReference
            skipped = "NO">
            <BuildableReference
               BuildableIdentifier = "primary"
               BlueprintIdentifier = "E1E274D925211085001903B0"
               BuildableName = "StorageTests.xctest"
               BlueprintName = "StorageTests"
               ReferencedContainer = "container:Data/Storage/Storage.xcodeproj">
            </BuildableReference>
         </TestableReference>
         <TestableReference
            skipped = "NO">
            <BuildableReference
               BuildableIdentifier = "primary"
               BlueprintIdentifier = "E14F7F0025211CCE003075F9"
               BuildableName = "CommonTests.xctest"
               BlueprintName = "CommonTests"
               ReferencedContainer = "container:Presentation/Common/Common.xcodeproj">
            </BuildableReference>
         </TestableReference>
         <TestableReference
            skipped = "NO">
            <BuildableReference
               BuildableIdentifier = "primary"
               BlueprintIdentifier = "E14F8009252123F1003075F9"
               BuildableName = "AppNavigationTests.xctest"
               BlueprintName = "AppNavigationTests"
               ReferencedContainer = "container:AppNavigation/AppNavigation.xcodeproj">
            </BuildableReference>
         </TestableReference>
         <TestableReference
            skipped = "NO">
            <BuildableReference
               BuildableIdentifier = "primary"
               BlueprintIdentifier = "E14F80EF2521270B003075F9"
               BuildableName = "DITests.xctest"
               BlueprintName = "DITests"
               ReferencedContainer = "container:DI/DI.xcodeproj">
            </BuildableReference>
         </TestableReference>
         <TestableReference
            skipped = "NO">
            <BuildableReference
               BuildableIdentifier = "primary"
               BlueprintIdentifier = "E103B27225288D5100282E9E"
               BuildableName = "TweetTests.xctest"
               BlueprintName = "TweetTests"
               ReferencedContainer = "container:Presentation/Tweet/Tweet.xcodeproj">
            </BuildableReference>
         </TestableReference>
      </Testables>
   </TestAction>
   <LaunchAction
      buildConfiguration = "Debug"
      selectedDebuggerIdentifier = "Xcode.DebuggerFoundation.Debugger.LLDB"
      selectedLauncherIdentifier = "Xcode.DebuggerFoundation.Launcher.LLDB"
      launchStyle = "0"
      useCustomWorkingDirectory = "NO"
      ignoresPersistentStateOnLaunch = "NO"
      debugDocumentVersioning = "YES"
      debugServiceExtension = "internal"
      allowLocationSimulation = "YES">
      <BuildableProductRunnable
         runnableDebuggingMode = "0">
         <BuildableReference
            BuildableIdentifier = "primary"
            BlueprintIdentifier = "E1693D51251FFE29009D7F41"
            BuildableName = "TheFeels.app"
            BlueprintName = "TheFeels"
            ReferencedContainer = "container:TheFeels.xcodeproj">
         </BuildableReference>
      </BuildableProductRunnable>
   </LaunchAction>
   <ProfileAction
      buildConfiguration = "Release"
      shouldUseLaunchSchemeArgsEnv = "YES"
      savedToolIdentifier = ""
      useCustomWorkingDirectory = "NO"
      debugDocumentVersioning = "YES">
      <BuildableProductRunnable
         runnableDebuggingMode = "0">
         <BuildableReference
            BuildableIdentifier = "primary"
            BlueprintIdentifier = "E1693D51251FFE29009D7F41"
            BuildableName = "TheFeels.app"
            BlueprintName = "TheFeels"
            ReferencedContainer = "container:TheFeels.xcodeproj">
         </BuildableReference>
      </BuildableProductRunnable>
   </ProfileAction>
   <AnalyzeAction
      buildConfiguration = "Debug">
   </AnalyzeAction>
   <ArchiveAction
      buildConfiguration = "Release"
      revealArchiveInOrganizer = "YES">
   </ArchiveAction>
</Scheme>
