// !$*UTF8*$!
{
	archiveVersion = 1;
	classes = {
	};
	objectVersion = 51;
	objects = {

/* Begin PBXBuildFile section */
		011E3A3961CE098E1902D738 /* Pods_TheFeelsTargets_TheFeels.framework in Frameworks */ = {isa = PBXBuildFile; fileRef = A8C13D53D844812902F8AECB /* Pods_TheFeelsTargets_TheFeels.framework */; };
		4BA1D7A1F86948DA565AAC86 /* Pods_TheFeelsTests.framework in Frameworks */ = {isa = PBXBuildFile; fileRef = 657D2B3B76406E2D6CC1EA51 /* Pods_TheFeelsTests.framework */; };
		E103B2EA25288DBD00282E9E /* Tweet.framework in Frameworks */ = {isa = PBXBuildFile; fileRef = E103B2E925288DBD00282E9E /* Tweet.framework */; };
		E103B2EB25288DBD00282E9E /* Tweet.framework in Embed Frameworks */ = {isa = PBXBuildFile; fileRef = E103B2E925288DBD00282E9E /* Tweet.framework */; settings = {ATTRIBUTES = (CodeSignOnCopy, RemoveHeadersOnCopy, ); }; };
		E14F7F1925211D1D003075F9 /* Common.framework in Frameworks */ = {isa = PBXBuildFile; fileRef = E14F7D822521199D003075F9 /* Common.framework */; };
		E14F7F1A25211D1D003075F9 /* Common.framework in Embed Frameworks */ = {isa = PBXBuildFile; fileRef = E14F7D822521199D003075F9 /* Common.framework */; settings = {ATTRIBUTES = (CodeSignOnCopy, RemoveHeadersOnCopy, ); }; };
		E14F802A25212451003075F9 /* AppNavigation.framework in Frameworks */ = {isa = PBXBuildFile; fileRef = E14F802925212451003075F9 /* AppNavigation.framework */; };
		E14F802B25212451003075F9 /* AppNavigation.framework in Embed Frameworks */ = {isa = PBXBuildFile; fileRef = E14F802925212451003075F9 /* AppNavigation.framework */; settings = {ATTRIBUTES = (CodeSignOnCopy, RemoveHeadersOnCopy, ); }; };
		E14F811A25212781003075F9 /* DI.framework in Frameworks */ = {isa = PBXBuildFile; fileRef = E14F811925212781003075F9 /* DI.framework */; };
		E14F811B25212781003075F9 /* DI.framework in Embed Frameworks */ = {isa = PBXBuildFile; fileRef = E14F811925212781003075F9 /* DI.framework */; settings = {ATTRIBUTES = (CodeSignOnCopy, RemoveHeadersOnCopy, ); }; };
		E14F824625212CCC003075F9 /* SetupConstants.swift in Sources */ = {isa = PBXBuildFile; fileRef = E14F824525212CCC003075F9 /* SetupConstants.swift */; };
		E14F8388252155EA003075F9 /* User.framework in Frameworks */ = {isa = PBXBuildFile; fileRef = E14F8387252155EA003075F9 /* User.framework */; };
		E14F8389252155EA003075F9 /* User.framework in Embed Frameworks */ = {isa = PBXBuildFile; fileRef = E14F8387252155EA003075F9 /* User.framework */; settings = {ATTRIBUTES = (CodeSignOnCopy, RemoveHeadersOnCopy, ); }; };
		E1693D56251FFE29009D7F41 /* AppDelegate.swift in Sources */ = {isa = PBXBuildFile; fileRef = E1693D55251FFE29009D7F41 /* AppDelegate.swift */; };
		E1693D5F251FFE2C009D7F41 /* Assets.xcassets in Resources */ = {isa = PBXBuildFile; fileRef = E1693D5E251FFE2C009D7F41 /* Assets.xcassets */; };
		E1693D62251FFE2C009D7F41 /* LaunchScreen.storyboard in Resources */ = {isa = PBXBuildFile; fileRef = E1693D60251FFE2C009D7F41 /* LaunchScreen.storyboard */; };
		E1693D6D251FFE2C009D7F41 /* TheFeelsTests.swift in Sources */ = {isa = PBXBuildFile; fileRef = E1693D6C251FFE2C009D7F41 /* TheFeelsTests.swift */; };
		E1693D78251FFE2C009D7F41 /* TheFeelsUITests.swift in Sources */ = {isa = PBXBuildFile; fileRef = E1693D77251FFE2C009D7F41 /* TheFeelsUITests.swift */; };
		E1693E2A2520E099009D7F41 /* Localizable.strings in Resources */ = {isa = PBXBuildFile; fileRef = E1693E292520E099009D7F41 /* Localizable.strings */; };
		E1693E322520E0C5009D7F41 /* SwiftGenStrings.swift in Sources */ = {isa = PBXBuildFile; fileRef = E1693E312520E0C5009D7F41 /* SwiftGenStrings.swift */; };
		E1E272452520E85C001903B0 /* Domain.framework in Frameworks */ = {isa = PBXBuildFile; fileRef = E1E272442520E85C001903B0 /* Domain.framework */; };
		E1E272462520E85C001903B0 /* Domain.framework in Embed Frameworks */ = {isa = PBXBuildFile; fileRef = E1E272442520E85C001903B0 /* Domain.framework */; settings = {ATTRIBUTES = (CodeSignOnCopy, RemoveHeadersOnCopy, ); }; };
		E1E2730C2521058E001903B0 /* AppData.framework in Embed Frameworks */ = {isa = PBXBuildFile; fileRef = E1E2730A2521058E001903B0 /* AppData.framework */; settings = {ATTRIBUTES = (CodeSignOnCopy, RemoveHeadersOnCopy, ); }; };
		E1E273EB252109CF001903B0 /* AppData.framework in Frameworks */ = {isa = PBXBuildFile; fileRef = E1E2730A2521058E001903B0 /* AppData.framework */; };
		E1E273F525210A9C001903B0 /* Networking.framework in Frameworks */ = {isa = PBXBuildFile; fileRef = E1E273F425210A9C001903B0 /* Networking.framework */; };
		E1E273F625210A9C001903B0 /* Networking.framework in Embed Frameworks */ = {isa = PBXBuildFile; fileRef = E1E273F425210A9C001903B0 /* Networking.framework */; settings = {ATTRIBUTES = (CodeSignOnCopy, RemoveHeadersOnCopy, ); }; };
		E1E2754B252111F7001903B0 /* Storage.framework in Frameworks */ = {isa = PBXBuildFile; fileRef = E1E2754A252111F7001903B0 /* Storage.framework */; };
		E1E2754C252111F7001903B0 /* Storage.framework in Embed Frameworks */ = {isa = PBXBuildFile; fileRef = E1E2754A252111F7001903B0 /* Storage.framework */; settings = {ATTRIBUTES = (CodeSignOnCopy, RemoveHeadersOnCopy, ); }; };
/* End PBXBuildFile section */

/* Begin PBXContainerItemProxy section */
		E1693D69251FFE2C009D7F41 /* PBXContainerItemProxy */ = {
			isa = PBXContainerItemProxy;
			containerPortal = E1693D4A251FFE29009D7F41 /* Project object */;
			proxyType = 1;
			remoteGlobalIDString = E1693D51251FFE29009D7F41;
			remoteInfo = TheFeels;
		};
		E1693D74251FFE2C009D7F41 /* PBXContainerItemProxy */ = {
			isa = PBXContainerItemProxy;
			containerPortal = E1693D4A251FFE29009D7F41 /* Project object */;
			proxyType = 1;
			remoteGlobalIDString = E1693D51251FFE29009D7F41;
			remoteInfo = TheFeels;
		};
/* End PBXContainerItemProxy section */

/* Begin PBXCopyFilesBuildPhase section */
		E1E272472520E85C001903B0 /* Embed Frameworks */ = {
			isa = PBXCopyFilesBuildPhase;
			buildActionMask = 2147483647;
			dstPath = "";
			dstSubfolderSpec = 10;
			files = (
				E14F802B25212451003075F9 /* AppNavigation.framework in Embed Frameworks */,
				E14F8389252155EA003075F9 /* User.framework in Embed Frameworks */,
				E103B2EB25288DBD00282E9E /* Tweet.framework in Embed Frameworks */,
				E1E2730C2521058E001903B0 /* AppData.framework in Embed Frameworks */,
				E1E272462520E85C001903B0 /* Domain.framework in Embed Frameworks */,
				E14F811B25212781003075F9 /* DI.framework in Embed Frameworks */,
				E1E2754C252111F7001903B0 /* Storage.framework in Embed Frameworks */,
				E14F7F1A25211D1D003075F9 /* Common.framework in Embed Frameworks */,
				E1E273F625210A9C001903B0 /* Networking.framework in Embed Frameworks */,
			);
			name = "Embed Frameworks";
			runOnlyForDeploymentPostprocessing = 0;
		};
/* End PBXCopyFilesBuildPhase section */

/* Begin PBXFileReference section */
		657D2B3B76406E2D6CC1EA51 /* Pods_TheFeelsTests.framework */ = {isa = PBXFileReference; explicitFileType = wrapper.framework; includeInIndex = 0; path = Pods_TheFeelsTests.framework; sourceTree = BUILT_PRODUCTS_DIR; };
		775CA33B92FE84FB375E3D42 /* Pods-TheFeelsTests.debug.xcconfig */ = {isa = PBXFileReference; includeInIndex = 1; lastKnownFileType = text.xcconfig; name = "Pods-TheFeelsTests.debug.xcconfig"; path = "Target Support Files/Pods-TheFeelsTests/Pods-TheFeelsTests.debug.xcconfig"; sourceTree = "<group>"; };
		7F510EC911C2D2AAFE01E056 /* Pods-TheFeelsTargets-TheFeels.debug.xcconfig */ = {isa = PBXFileReference; includeInIndex = 1; lastKnownFileType = text.xcconfig; name = "Pods-TheFeelsTargets-TheFeels.debug.xcconfig"; path = "Target Support Files/Pods-TheFeelsTargets-TheFeels/Pods-TheFeelsTargets-TheFeels.debug.xcconfig"; sourceTree = "<group>"; };
		8CB4433E74839EEF564E406E /* Pods-TheFeelsTests.release.xcconfig */ = {isa = PBXFileReference; includeInIndex = 1; lastKnownFileType = text.xcconfig; name = "Pods-TheFeelsTests.release.xcconfig"; path = "Target Support Files/Pods-TheFeelsTests/Pods-TheFeelsTests.release.xcconfig"; sourceTree = "<group>"; };
		8DA800B6AF46CEF5EEEE681A /* Pods-TheFeelsTargets-TheFeels.release.xcconfig */ = {isa = PBXFileReference; includeInIndex = 1; lastKnownFileType = text.xcconfig; name = "Pods-TheFeelsTargets-TheFeels.release.xcconfig"; path = "Target Support Files/Pods-TheFeelsTargets-TheFeels/Pods-TheFeelsTargets-TheFeels.release.xcconfig"; sourceTree = "<group>"; };
		A8C13D53D844812902F8AECB /* Pods_TheFeelsTargets_TheFeels.framework */ = {isa = PBXFileReference; explicitFileType = wrapper.framework; includeInIndex = 0; path = Pods_TheFeelsTargets_TheFeels.framework; sourceTree = BUILT_PRODUCTS_DIR; };
		E103B2E925288DBD00282E9E /* Tweet.framework */ = {isa = PBXFileReference; explicitFileType = wrapper.framework; path = Tweet.framework; sourceTree = BUILT_PRODUCTS_DIR; };
		E14F7D822521199D003075F9 /* Common.framework */ = {isa = PBXFileReference; explicitFileType = wrapper.framework; path = Common.framework; sourceTree = BUILT_PRODUCTS_DIR; };
		E14F7E1925211AFC003075F9 /* Common.framework */ = {isa = PBXFileReference; explicitFileType = wrapper.framework; path = Common.framework; sourceTree = BUILT_PRODUCTS_DIR; };
		E14F7E8425211BF7003075F9 /* AppCommon.framework */ = {isa = PBXFileReference; explicitFileType = wrapper.framework; path = AppCommon.framework; sourceTree = BUILT_PRODUCTS_DIR; };
		E14F802925212451003075F9 /* AppNavigation.framework */ = {isa = PBXFileReference; explicitFileType = wrapper.framework; path = AppNavigation.framework; sourceTree = BUILT_PRODUCTS_DIR; };
		E14F811925212781003075F9 /* DI.framework */ = {isa = PBXFileReference; explicitFileType = wrapper.framework; path = DI.framework; sourceTree = BUILT_PRODUCTS_DIR; };
		E14F824425212C4B003075F9 /* TheFeels.entitlements */ = {isa = PBXFileReference; lastKnownFileType = text.plist.entitlements; path = TheFeels.entitlements; sourceTree = "<group>"; };
		E14F824525212CCC003075F9 /* SetupConstants.swift */ = {isa = PBXFileReference; lastKnownFileType = sourcecode.swift; path = SetupConstants.swift; sourceTree = "<group>"; };
		E14F8387252155EA003075F9 /* User.framework */ = {isa = PBXFileReference; explicitFileType = wrapper.framework; path = User.framework; sourceTree = BUILT_PRODUCTS_DIR; };
		E1693D52251FFE29009D7F41 /* TheFeels.app */ = {isa = PBXFileReference; explicitFileType = wrapper.application; includeInIndex = 0; path = TheFeels.app; sourceTree = BUILT_PRODUCTS_DIR; };
		E1693D55251FFE29009D7F41 /* AppDelegate.swift */ = {isa = PBXFileReference; lastKnownFileType = sourcecode.swift; path = AppDelegate.swift; sourceTree = "<group>"; };
		E1693D5E251FFE2C009D7F41 /* Assets.xcassets */ = {isa = PBXFileReference; lastKnownFileType = folder.assetcatalog; path = Assets.xcassets; sourceTree = "<group>"; };
		E1693D61251FFE2C009D7F41 /* Base */ = {isa = PBXFileReference; lastKnownFileType = file.storyboard; name = Base; path = Base.lproj/LaunchScreen.storyboard; sourceTree = "<group>"; };
		E1693D63251FFE2C009D7F41 /* Info.plist */ = {isa = PBXFileReference; lastKnownFileType = text.plist.xml; path = Info.plist; sourceTree = "<group>"; };
		E1693D68251FFE2C009D7F41 /* TheFeelsTests.xctest */ = {isa = PBXFileReference; explicitFileType = wrapper.cfbundle; includeInIndex = 0; path = TheFeelsTests.xctest; sourceTree = BUILT_PRODUCTS_DIR; };
		E1693D6C251FFE2C009D7F41 /* TheFeelsTests.swift */ = {isa = PBXFileReference; lastKnownFileType = sourcecode.swift; path = TheFeelsTests.swift; sourceTree = "<group>"; };
		E1693D6E251FFE2C009D7F41 /* Info.plist */ = {isa = PBXFileReference; lastKnownFileType = text.plist.xml; path = Info.plist; sourceTree = "<group>"; };
		E1693D73251FFE2C009D7F41 /* TheFeelsUITests.xctest */ = {isa = PBXFileReference; explicitFileType = wrapper.cfbundle; includeInIndex = 0; path = TheFeelsUITests.xctest; sourceTree = BUILT_PRODUCTS_DIR; };
		E1693D77251FFE2C009D7F41 /* TheFeelsUITests.swift */ = {isa = PBXFileReference; lastKnownFileType = sourcecode.swift; path = TheFeelsUITests.swift; sourceTree = "<group>"; };
		E1693D79251FFE2C009D7F41 /* Info.plist */ = {isa = PBXFileReference; lastKnownFileType = text.plist.xml; path = Info.plist; sourceTree = "<group>"; };
		E1693E292520E099009D7F41 /* Localizable.strings */ = {isa = PBXFileReference; fileEncoding = 4; lastKnownFileType = text.plist.strings; path = Localizable.strings; sourceTree = "<group>"; };
		E1693E312520E0C5009D7F41 /* SwiftGenStrings.swift */ = {isa = PBXFileReference; fileEncoding = 4; lastKnownFileType = sourcecode.swift; path = SwiftGenStrings.swift; sourceTree = "<group>"; };
		E1E272442520E85C001903B0 /* Domain.framework */ = {isa = PBXFileReference; explicitFileType = wrapper.framework; path = Domain.framework; sourceTree = BUILT_PRODUCTS_DIR; };
		E1E2730A2521058E001903B0 /* AppData.framework */ = {isa = PBXFileReference; explicitFileType = wrapper.framework; path = AppData.framework; sourceTree = BUILT_PRODUCTS_DIR; };
		E1E273F425210A9C001903B0 /* Networking.framework */ = {isa = PBXFileReference; explicitFileType = wrapper.framework; path = Networking.framework; sourceTree = BUILT_PRODUCTS_DIR; };
		E1E2754A252111F7001903B0 /* Storage.framework */ = {isa = PBXFileReference; explicitFileType = wrapper.framework; path = Storage.framework; sourceTree = BUILT_PRODUCTS_DIR; };
/* End PBXFileReference section */

/* Begin PBXFrameworksBuildPhase section */
		E1693D4F251FFE29009D7F41 /* Frameworks */ = {
			isa = PBXFrameworksBuildPhase;
			buildActionMask = 2147483647;
			files = (
				E1E273EB252109CF001903B0 /* AppData.framework in Frameworks */,
				E1E272452520E85C001903B0 /* Domain.framework in Frameworks */,
				E1E2754B252111F7001903B0 /* Storage.framework in Frameworks */,
				011E3A3961CE098E1902D738 /* Pods_TheFeelsTargets_TheFeels.framework in Frameworks */,
				E14F802A25212451003075F9 /* AppNavigation.framework in Frameworks */,
				E14F7F1925211D1D003075F9 /* Common.framework in Frameworks */,
				E14F811A25212781003075F9 /* DI.framework in Frameworks */,
				E14F8388252155EA003075F9 /* User.framework in Frameworks */,
				E103B2EA25288DBD00282E9E /* Tweet.framework in Frameworks */,
				E1E273F525210A9C001903B0 /* Networking.framework in Frameworks */,
			);
			runOnlyForDeploymentPostprocessing = 0;
		};
		E1693D65251FFE2C009D7F41 /* Frameworks */ = {
			isa = PBXFrameworksBuildPhase;
			buildActionMask = 2147483647;
			files = (
				4BA1D7A1F86948DA565AAC86 /* Pods_TheFeelsTests.framework in Frameworks */,
			);
			runOnlyForDeploymentPostprocessing = 0;
		};
		E1693D70251FFE2C009D7F41 /* Frameworks */ = {
			isa = PBXFrameworksBuildPhase;
			buildActionMask = 2147483647;
			files = (
			);
			runOnlyForDeploymentPostprocessing = 0;
		};
/* End PBXFrameworksBuildPhase section */

/* Begin PBXGroup section */
		62528BBAD35413446D4A73D6 /* Pods */ = {
			isa = PBXGroup;
			children = (
				7F510EC911C2D2AAFE01E056 /* Pods-TheFeelsTargets-TheFeels.debug.xcconfig */,
				8DA800B6AF46CEF5EEEE681A /* Pods-TheFeelsTargets-TheFeels.release.xcconfig */,
				775CA33B92FE84FB375E3D42 /* Pods-TheFeelsTests.debug.xcconfig */,
				8CB4433E74839EEF564E406E /* Pods-TheFeelsTests.release.xcconfig */,
			);
			path = Pods;
			sourceTree = "<group>";
		};
		E14F82CA25213795003075F9 /* Supporting Files */ = {
			isa = PBXGroup;
			children = (
				E14F824425212C4B003075F9 /* TheFeels.entitlements */,
				E1693D63251FFE2C009D7F41 /* Info.plist */,
			);
			path = "Supporting Files";
			sourceTree = "<group>";
		};
		E1693D49251FFE29009D7F41 = {
			isa = PBXGroup;
			children = (
				E1693D54251FFE29009D7F41 /* TheFeels */,
				E1693D6B251FFE2C009D7F41 /* TheFeelsTests */,
				E1693D76251FFE2C009D7F41 /* TheFeelsUITests */,
				E1693D53251FFE29009D7F41 /* Products */,
				62528BBAD35413446D4A73D6 /* Pods */,
				F089DC444FF926EDF72B73E8 /* Frameworks */,
			);
			sourceTree = "<group>";
		};
		E1693D53251FFE29009D7F41 /* Products */ = {
			isa = PBXGroup;
			children = (
				E1693D52251FFE29009D7F41 /* TheFeels.app */,
				E1693D68251FFE2C009D7F41 /* TheFeelsTests.xctest */,
				E1693D73251FFE2C009D7F41 /* TheFeelsUITests.xctest */,
			);
			name = Products;
			sourceTree = "<group>";
		};
		E1693D54251FFE29009D7F41 /* TheFeels */ = {
			isa = PBXGroup;
			children = (
				E1693E2E2520E0C5009D7F41 /* Helpers */,
				E1693E282520E099009D7F41 /* Resources */,
				E14F82CA25213795003075F9 /* Supporting Files */,
				E1693D55251FFE29009D7F41 /* AppDelegate.swift */,
				E1693D60251FFE2C009D7F41 /* LaunchScreen.storyboard */,
			);
			path = TheFeels;
			sourceTree = "<group>";
		};
		E1693D6B251FFE2C009D7F41 /* TheFeelsTests */ = {
			isa = PBXGroup;
			children = (
				E1693D6C251FFE2C009D7F41 /* TheFeelsTests.swift */,
				E1693D6E251FFE2C009D7F41 /* Info.plist */,
			);
			path = TheFeelsTests;
			sourceTree = "<group>";
		};
		E1693D76251FFE2C009D7F41 /* TheFeelsUITests */ = {
			isa = PBXGroup;
			children = (
				E1693D77251FFE2C009D7F41 /* TheFeelsUITests.swift */,
				E1693D79251FFE2C009D7F41 /* Info.plist */,
			);
			path = TheFeelsUITests;
			sourceTree = "<group>";
		};
		E1693E282520E099009D7F41 /* Resources */ = {
			isa = PBXGroup;
			children = (
				E1693D5E251FFE2C009D7F41 /* Assets.xcassets */,
				E1693E292520E099009D7F41 /* Localizable.strings */,
			);
			path = Resources;
			sourceTree = "<group>";
		};
		E1693E2E2520E0C5009D7F41 /* Helpers */ = {
			isa = PBXGroup;
			children = (
				E1693E2F2520E0C5009D7F41 /* Constants */,
			);
			path = Helpers;
			sourceTree = "<group>";
		};
		E1693E2F2520E0C5009D7F41 /* Constants */ = {
			isa = PBXGroup;
			children = (
				E1693E302520E0C5009D7F41 /* Generated */,
				E14F824525212CCC003075F9 /* SetupConstants.swift */,
			);
			path = Constants;
			sourceTree = "<group>";
		};
		E1693E302520E0C5009D7F41 /* Generated */ = {
			isa = PBXGroup;
			children = (
				E1693E312520E0C5009D7F41 /* SwiftGenStrings.swift */,
			);
			path = Generated;
			sourceTree = "<group>";
		};
		F089DC444FF926EDF72B73E8 /* Frameworks */ = {
			isa = PBXGroup;
			children = (
				E103B2E925288DBD00282E9E /* Tweet.framework */,
				E14F8387252155EA003075F9 /* User.framework */,
				E14F811925212781003075F9 /* DI.framework */,
				E14F802925212451003075F9 /* AppNavigation.framework */,
				E14F7E8425211BF7003075F9 /* AppCommon.framework */,
				E14F7E1925211AFC003075F9 /* Common.framework */,
				E14F7D822521199D003075F9 /* Common.framework */,
				E1E2754A252111F7001903B0 /* Storage.framework */,
				E1E273F425210A9C001903B0 /* Networking.framework */,
				E1E2730A2521058E001903B0 /* AppData.framework */,
				E1E272442520E85C001903B0 /* Domain.framework */,
				A8C13D53D844812902F8AECB /* Pods_TheFeelsTargets_TheFeels.framework */,
				657D2B3B76406E2D6CC1EA51 /* Pods_TheFeelsTests.framework */,
			);
			name = Frameworks;
			sourceTree = "<group>";
		};
/* End PBXGroup section */

/* Begin PBXNativeTarget section */
		E1693D51251FFE29009D7F41 /* TheFeels */ = {
			isa = PBXNativeTarget;
			buildConfigurationList = E1693D7C251FFE2C009D7F41 /* Build configuration list for PBXNativeTarget "TheFeels" */;
			buildPhases = (
				806BE9E50A1F05730A2EE4DD /* [CP] Check Pods Manifest.lock */,
				E1693D4E251FFE29009D7F41 /* Sources */,
				E1693D4F251FFE29009D7F41 /* Frameworks */,
				E1693D50251FFE29009D7F41 /* Resources */,
				99FEB7A507C5A4FCC0E79E15 /* [CP] Embed Pods Frameworks */,
				E1693DD02520DAA1009D7F41 /* swiftlint */,
				E1E272472520E85C001903B0 /* Embed Frameworks */,
			);
			buildRules = (
			);
			dependencies = (
			);
			name = TheFeels;
			productName = TheFeels;
			productReference = E1693D52251FFE29009D7F41 /* TheFeels.app */;
			productType = "com.apple.product-type.application";
		};
		E1693D67251FFE2C009D7F41 /* TheFeelsTests */ = {
			isa = PBXNativeTarget;
			buildConfigurationList = E1693D7F251FFE2C009D7F41 /* Build configuration list for PBXNativeTarget "TheFeelsTests" */;
			buildPhases = (
				6114803673941A9D7D9B649C /* [CP] Check Pods Manifest.lock */,
				E1693D64251FFE2C009D7F41 /* Sources */,
				E1693D65251FFE2C009D7F41 /* Frameworks */,
				E1693D66251FFE2C009D7F41 /* Resources */,
				E1F7E71E2C44D4F882BFD0F5 /* [CP] Embed Pods Frameworks */,
			);
			buildRules = (
			);
			dependencies = (
				E1693D6A251FFE2C009D7F41 /* PBXTargetDependency */,
			);
			name = TheFeelsTests;
			productName = TheFeelsTests;
			productReference = E1693D68251FFE2C009D7F41 /* TheFeelsTests.xctest */;
			productType = "com.apple.product-type.bundle.unit-test";
		};
		E1693D72251FFE2C009D7F41 /* TheFeelsUITests */ = {
			isa = PBXNativeTarget;
			buildConfigurationList = E1693D82251FFE2C009D7F41 /* Build configuration list for PBXNativeTarget "TheFeelsUITests" */;
			buildPhases = (
				E1693D6F251FFE2C009D7F41 /* Sources */,
				E1693D70251FFE2C009D7F41 /* Frameworks */,
				E1693D71251FFE2C009D7F41 /* Resources */,
			);
			buildRules = (
			);
			dependencies = (
				E1693D75251FFE2C009D7F41 /* PBXTargetDependency */,
			);
			name = TheFeelsUITests;
			productName = TheFeelsUITests;
			productReference = E1693D73251FFE2C009D7F41 /* TheFeelsUITests.xctest */;
			productType = "com.apple.product-type.bundle.ui-testing";
		};
/* End PBXNativeTarget section */

/* Begin PBXProject section */
		E1693D4A251FFE29009D7F41 /* Project object */ = {
			isa = PBXProject;
			attributes = {
				LastSwiftUpdateCheck = 1200;
				LastUpgradeCheck = 1200;
				TargetAttributes = {
					E1693D51251FFE29009D7F41 = {
						CreatedOnToolsVersion = 12.0;
					};
					E1693D67251FFE2C009D7F41 = {
						CreatedOnToolsVersion = 12.0;
						TestTargetID = E1693D51251FFE29009D7F41;
					};
					E1693D72251FFE2C009D7F41 = {
						CreatedOnToolsVersion = 12.0;
						TestTargetID = E1693D51251FFE29009D7F41;
					};
				};
			};
			buildConfigurationList = E1693D4D251FFE29009D7F41 /* Build configuration list for PBXProject "TheFeels" */;
			compatibilityVersion = "Xcode 9.3";
			developmentRegion = en;
			hasScannedForEncodings = 0;
			knownRegions = (
				en,
				Base,
			);
			mainGroup = E1693D49251FFE29009D7F41;
			productRefGroup = E1693D53251FFE29009D7F41 /* Products */;
			projectDirPath = "";
			projectRoot = "";
			targets = (
				E1693D51251FFE29009D7F41 /* TheFeels */,
				E1693D67251FFE2C009D7F41 /* TheFeelsTests */,
				E1693D72251FFE2C009D7F41 /* TheFeelsUITests */,
			);
		};
/* End PBXProject section */

/* Begin PBXResourcesBuildPhase section */
		E1693D50251FFE29009D7F41 /* Resources */ = {
			isa = PBXResourcesBuildPhase;
			buildActionMask = 2147483647;
			files = (
				E1693D62251FFE2C009D7F41 /* LaunchScreen.storyboard in Resources */,
				E1693E2A2520E099009D7F41 /* Localizable.strings in Resources */,
				E1693D5F251FFE2C009D7F41 /* Assets.xcassets in Resources */,
			);
			runOnlyForDeploymentPostprocessing = 0;
		};
		E1693D66251FFE2C009D7F41 /* Resources */ = {
			isa = PBXResourcesBuildPhase;
			buildActionMask = 2147483647;
			files = (
			);
			runOnlyForDeploymentPostprocessing = 0;
		};
		E1693D71251FFE2C009D7F41 /* Resources */ = {
			isa = PBXResourcesBuildPhase;
			buildActionMask = 2147483647;
			files = (
			);
			runOnlyForDeploymentPostprocessing = 0;
		};
/* End PBXResourcesBuildPhase section */

/* Begin PBXShellScriptBuildPhase section */
		6114803673941A9D7D9B649C /* [CP] Check Pods Manifest.lock */ = {
			isa = PBXShellScriptBuildPhase;
			buildActionMask = 2147483647;
			files = (
			);
			inputFileListPaths = (
			);
			inputPaths = (
				"${PODS_PODFILE_DIR_PATH}/Podfile.lock",
				"${PODS_ROOT}/Manifest.lock",
			);
			name = "[CP] Check Pods Manifest.lock";
			outputFileListPaths = (
			);
			outputPaths = (
				"$(DERIVED_FILE_DIR)/Pods-TheFeelsTests-checkManifestLockResult.txt",
			);
			runOnlyForDeploymentPostprocessing = 0;
			shellPath = /bin/sh;
			shellScript = "diff \"${PODS_PODFILE_DIR_PATH}/Podfile.lock\" \"${PODS_ROOT}/Manifest.lock\" > /dev/null\nif [ $? != 0 ] ; then\n    # print error to STDERR\n    echo \"error: The sandbox is not in sync with the Podfile.lock. Run 'pod install' or update your CocoaPods installation.\" >&2\n    exit 1\nfi\n# This output is used by Xcode 'outputs' to avoid re-running this script phase.\necho \"SUCCESS\" > \"${SCRIPT_OUTPUT_FILE_0}\"\n";
			showEnvVarsInLog = 0;
		};
		806BE9E50A1F05730A2EE4DD /* [CP] Check Pods Manifest.lock */ = {
			isa = PBXShellScriptBuildPhase;
			buildActionMask = 2147483647;
			files = (
			);
			inputFileListPaths = (
			);
			inputPaths = (
				"${PODS_PODFILE_DIR_PATH}/Podfile.lock",
				"${PODS_ROOT}/Manifest.lock",
			);
			name = "[CP] Check Pods Manifest.lock";
			outputFileListPaths = (
			);
			outputPaths = (
				"$(DERIVED_FILE_DIR)/Pods-TheFeelsTargets-TheFeels-checkManifestLockResult.txt",
			);
			runOnlyForDeploymentPostprocessing = 0;
			shellPath = /bin/sh;
			shellScript = "diff \"${PODS_PODFILE_DIR_PATH}/Podfile.lock\" \"${PODS_ROOT}/Manifest.lock\" > /dev/null\nif [ $? != 0 ] ; then\n    # print error to STDERR\n    echo \"error: The sandbox is not in sync with the Podfile.lock. Run 'pod install' or update your CocoaPods installation.\" >&2\n    exit 1\nfi\n# This output is used by Xcode 'outputs' to avoid re-running this script phase.\necho \"SUCCESS\" > \"${SCRIPT_OUTPUT_FILE_0}\"\n";
			showEnvVarsInLog = 0;
		};
		99FEB7A507C5A4FCC0E79E15 /* [CP] Embed Pods Frameworks */ = {
			isa = PBXShellScriptBuildPhase;
			buildActionMask = 2147483647;
			files = (
			);
			inputFileListPaths = (
				"${PODS_ROOT}/Target Support Files/Pods-TheFeelsTargets-TheFeels/Pods-TheFeelsTargets-TheFeels-frameworks-${CONFIGURATION}-input-files.xcfilelist",
			);
			name = "[CP] Embed Pods Frameworks";
			outputFileListPaths = (
				"${PODS_ROOT}/Target Support Files/Pods-TheFeelsTargets-TheFeels/Pods-TheFeelsTargets-TheFeels-frameworks-${CONFIGURATION}-output-files.xcfilelist",
			);
			runOnlyForDeploymentPostprocessing = 0;
			shellPath = /bin/sh;
			shellScript = "\"${PODS_ROOT}/Target Support Files/Pods-TheFeelsTargets-TheFeels/Pods-TheFeelsTargets-TheFeels-frameworks.sh\"\n";
			showEnvVarsInLog = 0;
		};
		E1693DD02520DAA1009D7F41 /* swiftlint */ = {
			isa = PBXShellScriptBuildPhase;
			buildActionMask = 2147483647;
			files = (
			);
			inputFileListPaths = (
			);
			inputPaths = (
			);
			name = swiftlint;
			outputFileListPaths = (
			);
			outputPaths = (
			);
			runOnlyForDeploymentPostprocessing = 0;
			shellPath = /bin/sh;
			shellScript = "\"${PODS_ROOT}/SwiftLint/swiftlint\"\n";
		};
		E1F7E71E2C44D4F882BFD0F5 /* [CP] Embed Pods Frameworks */ = {
			isa = PBXShellScriptBuildPhase;
			buildActionMask = 2147483647;
			files = (
			);
			inputFileListPaths = (
				"${PODS_ROOT}/Target Support Files/Pods-TheFeelsTests/Pods-TheFeelsTests-frameworks-${CONFIGURATION}-input-files.xcfilelist",
			);
			name = "[CP] Embed Pods Frameworks";
			outputFileListPaths = (
				"${PODS_ROOT}/Target Support Files/Pods-TheFeelsTests/Pods-TheFeelsTests-frameworks-${CONFIGURATION}-output-files.xcfilelist",
			);
			runOnlyForDeploymentPostprocessing = 0;
			shellPath = /bin/sh;
			shellScript = "\"${PODS_ROOT}/Target Support Files/Pods-TheFeelsTests/Pods-TheFeelsTests-frameworks.sh\"\n";
			showEnvVarsInLog = 0;
		};
/* End PBXShellScriptBuildPhase section */

/* Begin PBXSourcesBuildPhase section */
		E1693D4E251FFE29009D7F41 /* Sources */ = {
			isa = PBXSourcesBuildPhase;
			buildActionMask = 2147483647;
			files = (
				E14F824625212CCC003075F9 /* SetupConstants.swift in Sources */,
				E1693D56251FFE29009D7F41 /* AppDelegate.swift in Sources */,
				E1693E322520E0C5009D7F41 /* SwiftGenStrings.swift in Sources */,
			);
			runOnlyForDeploymentPostprocessing = 0;
		};
		E1693D64251FFE2C009D7F41 /* Sources */ = {
			isa = PBXSourcesBuildPhase;
			buildActionMask = 2147483647;
			files = (
				E1693D6D251FFE2C009D7F41 /* TheFeelsTests.swift in Sources */,
			);
			runOnlyForDeploymentPostprocessing = 0;
		};
		E1693D6F251FFE2C009D7F41 /* Sources */ = {
			isa = PBXSourcesBuildPhase;
			buildActionMask = 2147483647;
			files = (
				E1693D78251FFE2C009D7F41 /* TheFeelsUITests.swift in Sources */,
			);
			runOnlyForDeploymentPostprocessing = 0;
		};
/* End PBXSourcesBuildPhase section */

/* Begin PBXTargetDependency section */
		E1693D6A251FFE2C009D7F41 /* PBXTargetDependency */ = {
			isa = PBXTargetDependency;
			target = E1693D51251FFE29009D7F41 /* TheFeels */;
			targetProxy = E1693D69251FFE2C009D7F41 /* PBXContainerItemProxy */;
		};
		E1693D75251FFE2C009D7F41 /* PBXTargetDependency */ = {
			isa = PBXTargetDependency;
			target = E1693D51251FFE29009D7F41 /* TheFeels */;
			targetProxy = E1693D74251FFE2C009D7F41 /* PBXContainerItemProxy */;
		};
/* End PBXTargetDependency section */

/* Begin PBXVariantGroup section */
		E1693D60251FFE2C009D7F41 /* LaunchScreen.storyboard */ = {
			isa = PBXVariantGroup;
			children = (
				E1693D61251FFE2C009D7F41 /* Base */,
			);
			name = LaunchScreen.storyboard;
			sourceTree = "<group>";
		};
/* End PBXVariantGroup section */

/* Begin XCBuildConfiguration section */
		E1693D7A251FFE2C009D7F41 /* Debug */ = {
			isa = XCBuildConfiguration;
			buildSettings = {
				ALWAYS_SEARCH_USER_PATHS = NO;
				CLANG_ANALYZER_NONNULL = YES;
				CLANG_ANALYZER_NUMBER_OBJECT_CONVERSION = YES_AGGRESSIVE;
				CLANG_CXX_LANGUAGE_STANDARD = "gnu++14";
				CLANG_CXX_LIBRARY = "libc++";
				CLANG_ENABLE_MODULES = YES;
				CLANG_ENABLE_OBJC_ARC = YES;
				CLANG_ENABLE_OBJC_WEAK = YES;
				CLANG_WARN_BLOCK_CAPTURE_AUTORELEASING = YES;
				CLANG_WARN_BOOL_CONVERSION = YES;
				CLANG_WARN_COMMA = YES;
				CLANG_WARN_CONSTANT_CONVERSION = YES;
				CLANG_WARN_DEPRECATED_OBJC_IMPLEMENTATIONS = YES;
				CLANG_WARN_DIRECT_OBJC_ISA_USAGE = YES_ERROR;
				CLANG_WARN_DOCUMENTATION_COMMENTS = YES;
				CLANG_WARN_EMPTY_BODY = YES;
				CLANG_WARN_ENUM_CONVERSION = YES;
				CLANG_WARN_INFINITE_RECURSION = YES;
				CLANG_WARN_INT_CONVERSION = YES;
				CLANG_WARN_NON_LITERAL_NULL_CONVERSION = YES;
				CLANG_WARN_OBJC_IMPLICIT_RETAIN_SELF = YES;
				CLANG_WARN_OBJC_LITERAL_CONVERSION = YES;
				CLANG_WARN_OBJC_ROOT_CLASS = YES_ERROR;
				CLANG_WARN_QUOTED_INCLUDE_IN_FRAMEWORK_HEADER = YES;
				CLANG_WARN_RANGE_LOOP_ANALYSIS = YES;
				CLANG_WARN_STRICT_PROTOTYPES = YES;
				CLANG_WARN_SUSPICIOUS_MOVE = YES;
				CLANG_WARN_UNGUARDED_AVAILABILITY = YES_AGGRESSIVE;
				CLANG_WARN_UNREACHABLE_CODE = YES;
				CLANG_WARN__DUPLICATE_METHOD_MATCH = YES;
				COPY_PHASE_STRIP = NO;
				DEBUG_INFORMATION_FORMAT = dwarf;
				ENABLE_STRICT_OBJC_MSGSEND = YES;
				ENABLE_TESTABILITY = YES;
				GCC_C_LANGUAGE_STANDARD = gnu11;
				GCC_DYNAMIC_NO_PIC = NO;
				GCC_NO_COMMON_BLOCKS = YES;
				GCC_OPTIMIZATION_LEVEL = 0;
				GCC_PREPROCESSOR_DEFINITIONS = (
					"DEBUG=1",
					"$(inherited)",
				);
				GCC_WARN_64_TO_32_BIT_CONVERSION = YES;
				GCC_WARN_ABOUT_RETURN_TYPE = YES_ERROR;
				GCC_WARN_UNDECLARED_SELECTOR = YES;
				GCC_WARN_UNINITIALIZED_AUTOS = YES_AGGRESSIVE;
				GCC_WARN_UNUSED_FUNCTION = YES;
				GCC_WARN_UNUSED_VARIABLE = YES;
				IPHONEOS_DEPLOYMENT_TARGET = 11.0;
				MTL_ENABLE_DEBUG_INFO = INCLUDE_SOURCE;
				MTL_FAST_MATH = YES;
				ONLY_ACTIVE_ARCH = YES;
				SDKROOT = iphoneos;
				SWIFT_ACTIVE_COMPILATION_CONDITIONS = DEBUG;
				SWIFT_OPTIMIZATION_LEVEL = "-Onone";
			};
			name = Debug;
		};
		E1693D7B251FFE2C009D7F41 /* Release */ = {
			isa = XCBuildConfiguration;
			buildSettings = {
				ALWAYS_SEARCH_USER_PATHS = NO;
				CLANG_ANALYZER_NONNULL = YES;
				CLANG_ANALYZER_NUMBER_OBJECT_CONVERSION = YES_AGGRESSIVE;
				CLANG_CXX_LANGUAGE_STANDARD = "gnu++14";
				CLANG_CXX_LIBRARY = "libc++";
				CLANG_ENABLE_MODULES = YES;
				CLANG_ENABLE_OBJC_ARC = YES;
				CLANG_ENABLE_OBJC_WEAK = YES;
				CLANG_WARN_BLOCK_CAPTURE_AUTORELEASING = YES;
				CLANG_WARN_BOOL_CONVERSION = YES;
				CLANG_WARN_COMMA = YES;
				CLANG_WARN_CONSTANT_CONVERSION = YES;
				CLANG_WARN_DEPRECATED_OBJC_IMPLEMENTATIONS = YES;
				CLANG_WARN_DIRECT_OBJC_ISA_USAGE = YES_ERROR;
				CLANG_WARN_DOCUMENTATION_COMMENTS = YES;
				CLANG_WARN_EMPTY_BODY = YES;
				CLANG_WARN_ENUM_CONVERSION = YES;
				CLANG_WARN_INFINITE_RECURSION = YES;
				CLANG_WARN_INT_CONVERSION = YES;
				CLANG_WARN_NON_LITERAL_NULL_CONVERSION = YES;
				CLANG_WARN_OBJC_IMPLICIT_RETAIN_SELF = YES;
				CLANG_WARN_OBJC_LITERAL_CONVERSION = YES;
				CLANG_WARN_OBJC_ROOT_CLASS = YES_ERROR;
				CLANG_WARN_QUOTED_INCLUDE_IN_FRAMEWORK_HEADER = YES;
				CLANG_WARN_RANGE_LOOP_ANALYSIS = YES;
				CLANG_WARN_STRICT_PROTOTYPES = YES;
				CLANG_WARN_SUSPICIOUS_MOVE = YES;
				CLANG_WARN_UNGUARDED_AVAILABILITY = YES_AGGRESSIVE;
				CLANG_WARN_UNREACHABLE_CODE = YES;
				CLANG_WARN__DUPLICATE_METHOD_MATCH = YES;
				COPY_PHASE_STRIP = NO;
				DEBUG_INFORMATION_FORMAT = "dwarf-with-dsym";
				ENABLE_NS_ASSERTIONS = NO;
				ENABLE_STRICT_OBJC_MSGSEND = YES;
				GCC_C_LANGUAGE_STANDARD = gnu11;
				GCC_NO_COMMON_BLOCKS = YES;
				GCC_WARN_64_TO_32_BIT_CONVERSION = YES;
				GCC_WARN_ABOUT_RETURN_TYPE = YES_ERROR;
				GCC_WARN_UNDECLARED_SELECTOR = YES;
				GCC_WARN_UNINITIALIZED_AUTOS = YES_AGGRESSIVE;
				GCC_WARN_UNUSED_FUNCTION = YES;
				GCC_WARN_UNUSED_VARIABLE = YES;
				IPHONEOS_DEPLOYMENT_TARGET = 11.0;
				MTL_ENABLE_DEBUG_INFO = NO;
				MTL_FAST_MATH = YES;
				SDKROOT = iphoneos;
				SWIFT_COMPILATION_MODE = wholemodule;
				SWIFT_OPTIMIZATION_LEVEL = "-O";
				VALIDATE_PRODUCT = YES;
			};
			name = Release;
		};
		E1693D7D251FFE2C009D7F41 /* Debug */ = {
			isa = XCBuildConfiguration;
			baseConfigurationReference = 7F510EC911C2D2AAFE01E056 /* Pods-TheFeelsTargets-TheFeels.debug.xcconfig */;
			buildSettings = {
				ASSETCATALOG_COMPILER_APPICON_NAME = AppIcon;
				ASSETCATALOG_COMPILER_GLOBAL_ACCENT_COLOR_NAME = AccentColor;
				CODE_SIGN_ENTITLEMENTS = "TheFeels/Supporting Files/TheFeels.entitlements";
				CODE_SIGN_STYLE = Automatic;
				DEVELOPMENT_TEAM = KYWC2RHW78;
				INFOPLIST_FILE = "TheFeels/Supporting Files/Info.plist";
				LD_RUNPATH_SEARCH_PATHS = (
					"$(inherited)",
					"@executable_path/Frameworks",
				);
				PRODUCT_BUNDLE_IDENTIFIER = br.com.dias.TheFeels;
				PRODUCT_NAME = "$(TARGET_NAME)";
				SWIFT_VERSION = 5.0;
				TARGETED_DEVICE_FAMILY = "1,2";
			};
			name = Debug;
		};
		E1693D7E251FFE2C009D7F41 /* Release */ = {
			isa = XCBuildConfiguration;
			baseConfigurationReference = 8DA800B6AF46CEF5EEEE681A /* Pods-TheFeelsTargets-TheFeels.release.xcconfig */;
			buildSettings = {
				ASSETCATALOG_COMPILER_APPICON_NAME = AppIcon;
				ASSETCATALOG_COMPILER_GLOBAL_ACCENT_COLOR_NAME = AccentColor;
				CODE_SIGN_ENTITLEMENTS = "TheFeels/Supporting Files/TheFeels.entitlements";
				CODE_SIGN_STYLE = Automatic;
				DEVELOPMENT_TEAM = KYWC2RHW78;
				INFOPLIST_FILE = "TheFeels/Supporting Files/Info.plist";
				LD_RUNPATH_SEARCH_PATHS = (
					"$(inherited)",
					"@executable_path/Frameworks",
				);
				PRODUCT_BUNDLE_IDENTIFIER = br.com.dias.TheFeels;
				PRODUCT_NAME = "$(TARGET_NAME)";
				SWIFT_VERSION = 5.0;
				TARGETED_DEVICE_FAMILY = "1,2";
			};
			name = Release;
		};
		E1693D80251FFE2C009D7F41 /* Debug */ = {
			isa = XCBuildConfiguration;
			baseConfigurationReference = 775CA33B92FE84FB375E3D42 /* Pods-TheFeelsTests.debug.xcconfig */;
			buildSettings = {
				BUNDLE_LOADER = "$(TEST_HOST)";
				CODE_SIGN_STYLE = Automatic;
				DEVELOPMENT_TEAM = KYWC2RHW78;
				INFOPLIST_FILE = TheFeelsTests/Info.plist;
				IPHONEOS_DEPLOYMENT_TARGET = 11.0;
				LD_RUNPATH_SEARCH_PATHS = (
					"$(inherited)",
					"@executable_path/Frameworks",
					"@loader_path/Frameworks",
				);
				PRODUCT_BUNDLE_IDENTIFIER = br.com.dias.TheFeelsTests;
				PRODUCT_NAME = "$(TARGET_NAME)";
				SWIFT_VERSION = 5.0;
				TARGETED_DEVICE_FAMILY = "1,2";
				TEST_HOST = "$(BUILT_PRODUCTS_DIR)/TheFeels.app/TheFeels";
			};
			name = Debug;
		};
		E1693D81251FFE2C009D7F41 /* Release */ = {
			isa = XCBuildConfiguration;
			baseConfigurationReference = 8CB4433E74839EEF564E406E /* Pods-TheFeelsTests.release.xcconfig */;
			buildSettings = {
				BUNDLE_LOADER = "$(TEST_HOST)";
				CODE_SIGN_STYLE = Automatic;
				DEVELOPMENT_TEAM = KYWC2RHW78;
				INFOPLIST_FILE = TheFeelsTests/Info.plist;
				IPHONEOS_DEPLOYMENT_TARGET = 11.0;
				LD_RUNPATH_SEARCH_PATHS = (
					"$(inherited)",
					"@executable_path/Frameworks",
					"@loader_path/Frameworks",
				);
				PRODUCT_BUNDLE_IDENTIFIER = br.com.dias.TheFeelsTests;
				PRODUCT_NAME = "$(TARGET_NAME)";
				SWIFT_VERSION = 5.0;
				TARGETED_DEVICE_FAMILY = "1,2";
				TEST_HOST = "$(BUILT_PRODUCTS_DIR)/TheFeels.app/TheFeels";
			};
			name = Release;
		};
		E1693D83251FFE2C009D7F41 /* Debug */ = {
			isa = XCBuildConfiguration;
			buildSettings = {
				ALWAYS_EMBED_SWIFT_STANDARD_LIBRARIES = YES;
				CODE_SIGN_STYLE = Automatic;
				DEVELOPMENT_TEAM = KYWC2RHW78;
				INFOPLIST_FILE = TheFeelsUITests/Info.plist;
				LD_RUNPATH_SEARCH_PATHS = (
					"$(inherited)",
					"@executable_path/Frameworks",
					"@loader_path/Frameworks",
				);
				PRODUCT_BUNDLE_IDENTIFIER = br.com.dias.TheFeelsUITests;
				PRODUCT_NAME = "$(TARGET_NAME)";
				SWIFT_VERSION = 5.0;
				TARGETED_DEVICE_FAMILY = "1,2";
				TEST_TARGET_NAME = TheFeels;
			};
			name = Debug;
		};
		E1693D84251FFE2C009D7F41 /* Release */ = {
			isa = XCBuildConfiguration;
			buildSettings = {
				ALWAYS_EMBED_SWIFT_STANDARD_LIBRARIES = YES;
				CODE_SIGN_STYLE = Automatic;
				DEVELOPMENT_TEAM = KYWC2RHW78;
				INFOPLIST_FILE = TheFeelsUITests/Info.plist;
				LD_RUNPATH_SEARCH_PATHS = (
					"$(inherited)",
					"@executable_path/Frameworks",
					"@loader_path/Frameworks",
				);
				PRODUCT_BUNDLE_IDENTIFIER = br.com.dias.TheFeelsUITests;
				PRODUCT_NAME = "$(TARGET_NAME)";
				SWIFT_VERSION = 5.0;
				TARGETED_DEVICE_FAMILY = "1,2";
				TEST_TARGET_NAME = TheFeels;
			};
			name = Release;
		};
/* End XCBuildConfiguration section */

/* Begin XCConfigurationList section */
		E1693D4D251FFE29009D7F41 /* Build configuration list for PBXProject "TheFeels" */ = {
			isa = XCConfigurationList;
			buildConfigurations = (
				E1693D7A251FFE2C009D7F41 /* Debug */,
				E1693D7B251FFE2C009D7F41 /* Release */,
			);
			defaultConfigurationIsVisible = 0;
			defaultConfigurationName = Release;
		};
		E1693D7C251FFE2C009D7F41 /* Build configuration list for PBXNativeTarget "TheFeels" */ = {
			isa = XCConfigurationList;
			buildConfigurations = (
				E1693D7D251FFE2C009D7F41 /* Debug */,
				E1693D7E251FFE2C009D7F41 /* Release */,
			);
			defaultConfigurationIsVisible = 0;
			defaultConfigurationName = Release;
		};
		E1693D7F251FFE2C009D7F41 /* Build configuration list for PBXNativeTarget "TheFeelsTests" */ = {
			isa = XCConfigurationList;
			buildConfigurations = (
				E1693D80251FFE2C009D7F41 /* Debug */,
				E1693D81251FFE2C009D7F41 /* Release */,
			);
			defaultConfigurationIsVisible = 0;
			defaultConfigurationName = Release;
		};
		E1693D82251FFE2C009D7F41 /* Build configuration list for PBXNativeTarget "TheFeelsUITests" */ = {
			isa = XCConfigurationList;
			buildConfigurations = (
				E1693D83251FFE2C009D7F41 /* Debug */,
				E1693D84251FFE2C009D7F41 /* Release */,
			);
			defaultConfigurationIsVisible = 0;
			defaultConfigurationName = Release;
		};
/* End XCConfigurationList section */
	};
	rootObject = E1693D4A251FFE29009D7F41 /* Project object */;
}
